// !$*UTF8*$!
{
	archiveVersion = 1;
	classes = {
	};
	objectVersion = 56;
	objects = {

/* Begin PBXBuildFile section */
		631E26692A55B2C800C3430D /* URLSessionExtension.swift in Sources */ = {isa = PBXBuildFile; fileRef = 631E26682A55B2C800C3430D /* URLSessionExtension.swift */; };
		631E266B2A55B39D00C3430D /* NetworkingService.swift in Sources */ = {isa = PBXBuildFile; fileRef = 631E266A2A55B39D00C3430D /* NetworkingService.swift */; };
		631E26702A57437100C3430D /* NetworkJSON.swift in Sources */ = {isa = PBXBuildFile; fileRef = 631E266F2A57437100C3430D /* NetworkJSON.swift */; };
		6344525D2A34A85600BFB9E3 /* AppDelegate.swift in Sources */ = {isa = PBXBuildFile; fileRef = 6344525C2A34A85600BFB9E3 /* AppDelegate.swift */; };
		6344525F2A34A85600BFB9E3 /* SceneDelegate.swift in Sources */ = {isa = PBXBuildFile; fileRef = 6344525E2A34A85600BFB9E3 /* SceneDelegate.swift */; };
		634452612A34A85600BFB9E3 /* DetailsViewController.swift in Sources */ = {isa = PBXBuildFile; fileRef = 634452602A34A85600BFB9E3 /* DetailsViewController.swift */; };
		634452662A34A85700BFB9E3 /* Assets.xcassets in Resources */ = {isa = PBXBuildFile; fileRef = 634452652A34A85700BFB9E3 /* Assets.xcassets */; };
		634452852A3B1A5500BFB9E3 /* ConfigurationAndParsingTests.swift in Sources */ = {isa = PBXBuildFile; fileRef = 634452842A3B1A5500BFB9E3 /* ConfigurationAndParsingTests.swift */; };
		634B8E602A41B53300BE9ADB /* SFProDisplay-Medium.OTF in Resources */ = {isa = PBXBuildFile; fileRef = 634B8E5D2A41B53300BE9ADB /* SFProDisplay-Medium.OTF */; };
		634B8E612A41B53300BE9ADB /* SFProDisplay-Bold.OTF in Resources */ = {isa = PBXBuildFile; fileRef = 634B8E5E2A41B53300BE9ADB /* SFProDisplay-Bold.OTF */; };
		634B8E622A41B53300BE9ADB /* SFProDisplay-Regular.OTF in Resources */ = {isa = PBXBuildFile; fileRef = 634B8E5F2A41B53300BE9ADB /* SFProDisplay-Regular.OTF */; };
		634B8E642A41B6A500BE9ADB /* FontStyles.swift in Sources */ = {isa = PBXBuildFile; fileRef = 634B8E632A41B6A500BE9ADB /* FontStyles.swift */; };
		634B8E682A41BA7100BE9ADB /* SFProText-Light.otf in Resources */ = {isa = PBXBuildFile; fileRef = 634B8E662A41BA7000BE9ADB /* SFProText-Light.otf */; };
		634B8E692A41BA7100BE9ADB /* SFProText-Medium.otf in Resources */ = {isa = PBXBuildFile; fileRef = 634B8E672A41BA7100BE9ADB /* SFProText-Medium.otf */; };
		634B8E6B2A41CABD00BE9ADB /* DetailsTextView.swift in Sources */ = {isa = PBXBuildFile; fileRef = 634B8E6A2A41CABD00BE9ADB /* DetailsTextView.swift */; };
		634B8E6D2A41D2C900BE9ADB /* TextViewDelegateExtend.swift in Sources */ = {isa = PBXBuildFile; fileRef = 634B8E6C2A41D2C900BE9ADB /* TextViewDelegateExtend.swift */; };
		634B8E732A41F3D000BE9ADB /* TableViewDelegateExtend.swift in Sources */ = {isa = PBXBuildFile; fileRef = 634B8E722A41F3D000BE9ADB /* TableViewDelegateExtend.swift */; };
		634B8E752A41F51900BE9ADB /* SegmentedControl.swift in Sources */ = {isa = PBXBuildFile; fileRef = 634B8E742A41F51900BE9ADB /* SegmentedControl.swift */; };
		634B8E782A422B5800BE9ADB /* ScrollView.swift in Sources */ = {isa = PBXBuildFile; fileRef = 634B8E772A422B5800BE9ADB /* ScrollView.swift */; };
		63A3F58B2A66B34E00FD2E14 /* CoreDataBaseModel.xcdatamodeld in Sources */ = {isa = PBXBuildFile; fileRef = 63CE09D52A619EFC00831E2A /* CoreDataBaseModel.xcdatamodeld */; };
		63A3F5A22A66B34E00FD2E14 /* SQLite in Frameworks */ = {isa = PBXBuildFile; productRef = 63A3F5822A66B34E00FD2E14 /* SQLite */; };
		63A3F5A32A66B34E00FD2E14 /* CocoaLumberjackSwift in Frameworks */ = {isa = PBXBuildFile; productRef = 63A3F57E2A66B34E00FD2E14 /* CocoaLumberjackSwift */; };
		63A3F5A42A66B34E00FD2E14 /* CocoaLumberjackSwiftLogBackend in Frameworks */ = {isa = PBXBuildFile; productRef = 63A3F57F2A66B34E00FD2E14 /* CocoaLumberjackSwiftLogBackend */; };
		63A3F5A52A66B34E00FD2E14 /* CocoaLumberjack in Frameworks */ = {isa = PBXBuildFile; productRef = 63A3F57C2A66B34E00FD2E14 /* CocoaLumberjack */; };
		63A3F5A62A66B34E00FD2E14 /* Pods_School_ToDoList.framework in Frameworks */ = {isa = PBXBuildFile; fileRef = E5A67FC8666696EC3CEC9FDF /* Pods_School_ToDoList.framework */; };
		63A3F5A92A66B34E00FD2E14 /* SFProDisplay-Regular.OTF in Resources */ = {isa = PBXBuildFile; fileRef = 634B8E5F2A41B53300BE9ADB /* SFProDisplay-Regular.OTF */; };
		63A3F5AA2A66B34E00FD2E14 /* SFProDisplay-Medium.OTF in Resources */ = {isa = PBXBuildFile; fileRef = 634B8E5D2A41B53300BE9ADB /* SFProDisplay-Medium.OTF */; };
		63A3F5AB2A66B34E00FD2E14 /* SFProText-Medium.otf in Resources */ = {isa = PBXBuildFile; fileRef = 634B8E672A41BA7100BE9ADB /* SFProText-Medium.otf */; };
		63A3F5AC2A66B34E00FD2E14 /* SFProDisplay-Bold.OTF in Resources */ = {isa = PBXBuildFile; fileRef = 634B8E5E2A41B53300BE9ADB /* SFProDisplay-Bold.OTF */; };
		63A3F5AD2A66B34E00FD2E14 /* Assets.xcassets in Resources */ = {isa = PBXBuildFile; fileRef = 634452652A34A85700BFB9E3 /* Assets.xcassets */; };
		63A3F5AE2A66B34E00FD2E14 /* SFProText-Light.otf in Resources */ = {isa = PBXBuildFile; fileRef = 634B8E662A41BA7000BE9ADB /* SFProText-Light.otf */; };
		63A3F5BA2A66B47500FD2E14 /* ContentView.swift in Sources */ = {isa = PBXBuildFile; fileRef = 63A3F5B92A66B47500FD2E14 /* ContentView.swift */; };
		63A3F5BC2A66B49700FD2E14 /* ToDoListApp.swift in Sources */ = {isa = PBXBuildFile; fileRef = 63A3F5BB2A66B49700FD2E14 /* ToDoListApp.swift */; };
		63A3F5BD2A66E0B100FD2E14 /* DatabaseSQL.swift in Sources */ = {isa = PBXBuildFile; fileRef = 63CE09A42A5EBBB100831E2A /* DatabaseSQL.swift */; };
		63A3F5DB2A68001B00FD2E14 /* CSVExtend.swift in Sources */ = {isa = PBXBuildFile; fileRef = 63A3F5DA2A68001B00FD2E14 /* CSVExtend.swift */; };
		63A3F5DD2A68002800FD2E14 /* FileCache.swift in Sources */ = {isa = PBXBuildFile; fileRef = 63A3F5DC2A68002800FD2E14 /* FileCache.swift */; };
		63A3F5DF2A68005300FD2E14 /* JSONExtend.swift in Sources */ = {isa = PBXBuildFile; fileRef = 63A3F5DE2A68005300FD2E14 /* JSONExtend.swift */; };
		63A3F5E02A68005300FD2E14 /* JSONExtend.swift in Sources */ = {isa = PBXBuildFile; fileRef = 63A3F5DE2A68005300FD2E14 /* JSONExtend.swift */; };
		63A3F5E22A68006800FD2E14 /* ToDoItem.swift in Sources */ = {isa = PBXBuildFile; fileRef = 63A3F5E12A68006800FD2E14 /* ToDoItem.swift */; };
		63A3F5E32A68006800FD2E14 /* ToDoItem.swift in Sources */ = {isa = PBXBuildFile; fileRef = 63A3F5E12A68006800FD2E14 /* ToDoItem.swift */; };
		63A3F5E42A68007D00FD2E14 /* FileCache.swift in Sources */ = {isa = PBXBuildFile; fileRef = 63A3F5DC2A68002800FD2E14 /* FileCache.swift */; };
		63A3F5E52A68008200FD2E14 /* NetworkJSON.swift in Sources */ = {isa = PBXBuildFile; fileRef = 631E266F2A57437100C3430D /* NetworkJSON.swift */; };
		63A3F5E62A68008400FD2E14 /* CSVExtend.swift in Sources */ = {isa = PBXBuildFile; fileRef = 63A3F5DA2A68001B00FD2E14 /* CSVExtend.swift */; };
		63C033FD2A4DB6B3009A1CB3 /* DefaultTableViewCell.swift in Sources */ = {isa = PBXBuildFile; fileRef = 63C033FC2A4DB6B3009A1CB3 /* DefaultTableViewCell.swift */; };
		63C034002A4DB6D3009A1CB3 /* ImportantTableViewCell.swift in Sources */ = {isa = PBXBuildFile; fileRef = 63C033FF2A4DB6D3009A1CB3 /* ImportantTableViewCell.swift */; };
		63C034022A4DB6E9009A1CB3 /* DeadlineTableViewCell.swift in Sources */ = {isa = PBXBuildFile; fileRef = 63C034012A4DB6E9009A1CB3 /* DeadlineTableViewCell.swift */; };
		63C034042A4DB6F3009A1CB3 /* BothTableViewCell.swift in Sources */ = {isa = PBXBuildFile; fileRef = 63C034032A4DB6F3009A1CB3 /* BothTableViewCell.swift */; };
		63C034072A4DF343009A1CB3 /* EmptyTableViewCell.swift in Sources */ = {isa = PBXBuildFile; fileRef = 63C034062A4DF343009A1CB3 /* EmptyTableViewCell.swift */; };
		63C034092A4E06F7009A1CB3 /* TransitionAnimator.swift in Sources */ = {isa = PBXBuildFile; fileRef = 63C034082A4E06F7009A1CB3 /* TransitionAnimator.swift */; };
		63C034102A4EDBA6009A1CB3 /* TableViewDelegates.swift in Sources */ = {isa = PBXBuildFile; fileRef = 63C0340F2A4EDBA6009A1CB3 /* TableViewDelegates.swift */; };
		63C034132A4EF2E8009A1CB3 /* CocoaLumberjack in Frameworks */ = {isa = PBXBuildFile; productRef = 63C034122A4EF2E8009A1CB3 /* CocoaLumberjack */; };
		63C034152A4EF2E8009A1CB3 /* CocoaLumberjackSwift in Frameworks */ = {isa = PBXBuildFile; productRef = 63C034142A4EF2E8009A1CB3 /* CocoaLumberjackSwift */; };
		63C034172A4EF2E8009A1CB3 /* CocoaLumberjackSwiftLogBackend in Frameworks */ = {isa = PBXBuildFile; productRef = 63C034162A4EF2E8009A1CB3 /* CocoaLumberjackSwiftLogBackend */; };
		63C034192A4EF97C009A1CB3 /* LogFormatter.swift in Sources */ = {isa = PBXBuildFile; fileRef = 63C034182A4EF97C009A1CB3 /* LogFormatter.swift */; };
		63CE09A02A5EB68300831E2A /* SQLite in Frameworks */ = {isa = PBXBuildFile; productRef = 63CE099F2A5EB68300831E2A /* SQLite */; };
		63CE09A52A5EBBB100831E2A /* DatabaseSQL.swift in Sources */ = {isa = PBXBuildFile; fileRef = 63CE09A42A5EBBB100831E2A /* DatabaseSQL.swift */; };
		63CE09BB2A617FA600831E2A /* CoreDataManager.swift in Sources */ = {isa = PBXBuildFile; fileRef = 63CE09BA2A617FA600831E2A /* CoreDataManager.swift */; };
		63CE09BD2A61835F00831E2A /* DatabaseCoreData.swift in Sources */ = {isa = PBXBuildFile; fileRef = 63CE09BC2A61835F00831E2A /* DatabaseCoreData.swift */; };
		63CE09D72A619EFC00831E2A /* CoreDataBaseModel.xcdatamodeld in Sources */ = {isa = PBXBuildFile; fileRef = 63CE09D52A619EFC00831E2A /* CoreDataBaseModel.xcdatamodeld */; };
		63CE09DB2A619F7400831E2A /* ToDoItems+CoreData.swift in Sources */ = {isa = PBXBuildFile; fileRef = 63CE09D92A619F7400831E2A /* ToDoItems+CoreData.swift */; };
		63EE3C1A2A4C5A9B00B275DF /* MainViewController.swift in Sources */ = {isa = PBXBuildFile; fileRef = 63EE3C192A4C5A9B00B275DF /* MainViewController.swift */; };
		BFE647AFEDC12F038C799505 /* Pods_School_ToDoListTests.framework in Frameworks */ = {isa = PBXBuildFile; fileRef = 065AF5FBBE90ECD5609AC9FC /* Pods_School_ToDoListTests.framework */; };
		D3A1F42126E052A6E5C98039 /* Pods_School_ToDoList.framework in Frameworks */ = {isa = PBXBuildFile; fileRef = E5A67FC8666696EC3CEC9FDF /* Pods_School_ToDoList.framework */; };
/* End PBXBuildFile section */

/* Begin PBXContainerItemProxy section */
		634452862A3B1A5500BFB9E3 /* PBXContainerItemProxy */ = {
			isa = PBXContainerItemProxy;
			containerPortal = 634452512A34A85600BFB9E3 /* Project object */;
			proxyType = 1;
			remoteGlobalIDString = 634452582A34A85600BFB9E3;
			remoteInfo = School_ToDoList;
		};
/* End PBXContainerItemProxy section */

/* Begin PBXFileReference section */
		065AF5FBBE90ECD5609AC9FC /* Pods_School_ToDoListTests.framework */ = {isa = PBXFileReference; explicitFileType = wrapper.framework; includeInIndex = 0; path = Pods_School_ToDoListTests.framework; sourceTree = BUILT_PRODUCTS_DIR; };
		1D59CF7F3DD7F63C9F08E882 /* Pods-School_ToDoList.release.xcconfig */ = {isa = PBXFileReference; includeInIndex = 1; lastKnownFileType = text.xcconfig; name = "Pods-School_ToDoList.release.xcconfig"; path = "Target Support Files/Pods-School_ToDoList/Pods-School_ToDoList.release.xcconfig"; sourceTree = "<group>"; };
		328318BF22868B50B663E3F5 /* Pods-School_ToDoList.debug.xcconfig */ = {isa = PBXFileReference; includeInIndex = 1; lastKnownFileType = text.xcconfig; name = "Pods-School_ToDoList.debug.xcconfig"; path = "Target Support Files/Pods-School_ToDoList/Pods-School_ToDoList.debug.xcconfig"; sourceTree = "<group>"; };
		631E26682A55B2C800C3430D /* URLSessionExtension.swift */ = {isa = PBXFileReference; lastKnownFileType = sourcecode.swift; path = URLSessionExtension.swift; sourceTree = "<group>"; };
		631E266A2A55B39D00C3430D /* NetworkingService.swift */ = {isa = PBXFileReference; lastKnownFileType = sourcecode.swift; path = NetworkingService.swift; sourceTree = "<group>"; };
		631E266F2A57437100C3430D /* NetworkJSON.swift */ = {isa = PBXFileReference; lastKnownFileType = sourcecode.swift; path = NetworkJSON.swift; sourceTree = "<group>"; };
		634452592A34A85600BFB9E3 /* School_ToDoList.app */ = {isa = PBXFileReference; explicitFileType = wrapper.application; includeInIndex = 0; path = School_ToDoList.app; sourceTree = BUILT_PRODUCTS_DIR; };
		6344525C2A34A85600BFB9E3 /* AppDelegate.swift */ = {isa = PBXFileReference; lastKnownFileType = sourcecode.swift; path = AppDelegate.swift; sourceTree = "<group>"; };
		6344525E2A34A85600BFB9E3 /* SceneDelegate.swift */ = {isa = PBXFileReference; lastKnownFileType = sourcecode.swift; path = SceneDelegate.swift; sourceTree = "<group>"; };
		634452602A34A85600BFB9E3 /* DetailsViewController.swift */ = {isa = PBXFileReference; lastKnownFileType = sourcecode.swift; path = DetailsViewController.swift; sourceTree = "<group>"; };
		634452652A34A85700BFB9E3 /* Assets.xcassets */ = {isa = PBXFileReference; lastKnownFileType = folder.assetcatalog; path = Assets.xcassets; sourceTree = "<group>"; };
		6344526A2A34A85700BFB9E3 /* Info.plist */ = {isa = PBXFileReference; lastKnownFileType = text.plist.xml; path = Info.plist; sourceTree = "<group>"; };
		634452822A3B1A5500BFB9E3 /* School_ToDoListTests.xctest */ = {isa = PBXFileReference; explicitFileType = wrapper.cfbundle; includeInIndex = 0; path = School_ToDoListTests.xctest; sourceTree = BUILT_PRODUCTS_DIR; };
		634452842A3B1A5500BFB9E3 /* ConfigurationAndParsingTests.swift */ = {isa = PBXFileReference; lastKnownFileType = sourcecode.swift; path = ConfigurationAndParsingTests.swift; sourceTree = "<group>"; };
		634B8E5D2A41B53300BE9ADB /* SFProDisplay-Medium.OTF */ = {isa = PBXFileReference; lastKnownFileType = file; path = "SFProDisplay-Medium.OTF"; sourceTree = "<group>"; };
		634B8E5E2A41B53300BE9ADB /* SFProDisplay-Bold.OTF */ = {isa = PBXFileReference; lastKnownFileType = file; path = "SFProDisplay-Bold.OTF"; sourceTree = "<group>"; };
		634B8E5F2A41B53300BE9ADB /* SFProDisplay-Regular.OTF */ = {isa = PBXFileReference; lastKnownFileType = file; path = "SFProDisplay-Regular.OTF"; sourceTree = "<group>"; };
		634B8E632A41B6A500BE9ADB /* FontStyles.swift */ = {isa = PBXFileReference; lastKnownFileType = sourcecode.swift; path = FontStyles.swift; sourceTree = "<group>"; };
		634B8E662A41BA7000BE9ADB /* SFProText-Light.otf */ = {isa = PBXFileReference; lastKnownFileType = file; path = "SFProText-Light.otf"; sourceTree = "<group>"; };
		634B8E672A41BA7100BE9ADB /* SFProText-Medium.otf */ = {isa = PBXFileReference; lastKnownFileType = file; path = "SFProText-Medium.otf"; sourceTree = "<group>"; };
		634B8E6A2A41CABD00BE9ADB /* DetailsTextView.swift */ = {isa = PBXFileReference; lastKnownFileType = sourcecode.swift; path = DetailsTextView.swift; sourceTree = "<group>"; };
		634B8E6C2A41D2C900BE9ADB /* TextViewDelegateExtend.swift */ = {isa = PBXFileReference; lastKnownFileType = sourcecode.swift; path = TextViewDelegateExtend.swift; sourceTree = "<group>"; };
		634B8E722A41F3D000BE9ADB /* TableViewDelegateExtend.swift */ = {isa = PBXFileReference; lastKnownFileType = sourcecode.swift; path = TableViewDelegateExtend.swift; sourceTree = "<group>"; };
		634B8E742A41F51900BE9ADB /* SegmentedControl.swift */ = {isa = PBXFileReference; lastKnownFileType = sourcecode.swift; path = SegmentedControl.swift; sourceTree = "<group>"; };
		634B8E772A422B5800BE9ADB /* ScrollView.swift */ = {isa = PBXFileReference; lastKnownFileType = sourcecode.swift; path = ScrollView.swift; sourceTree = "<group>"; };
		63A3F5B22A66B34E00FD2E14 /* School_ToDoList-SUI.app */ = {isa = PBXFileReference; explicitFileType = wrapper.application; includeInIndex = 0; path = "School_ToDoList-SUI.app"; sourceTree = BUILT_PRODUCTS_DIR; };
		63A3F5B32A66B34F00FD2E14 /* School_ToDoList copy-Info.plist */ = {isa = PBXFileReference; lastKnownFileType = text.plist.xml; name = "School_ToDoList copy-Info.plist"; path = "/Users/wotremboy/Documents/ios-todo-app-WoTRemboy/School_ToDoList copy-Info.plist"; sourceTree = "<absolute>"; };
		63A3F5B92A66B47500FD2E14 /* ContentView.swift */ = {isa = PBXFileReference; lastKnownFileType = sourcecode.swift; path = ContentView.swift; sourceTree = "<group>"; };
		63A3F5BB2A66B49700FD2E14 /* ToDoListApp.swift */ = {isa = PBXFileReference; lastKnownFileType = sourcecode.swift; path = ToDoListApp.swift; sourceTree = "<group>"; };
		63A3F5DA2A68001B00FD2E14 /* CSVExtend.swift */ = {isa = PBXFileReference; lastKnownFileType = sourcecode.swift; path = CSVExtend.swift; sourceTree = "<group>"; };
		63A3F5DC2A68002800FD2E14 /* FileCache.swift */ = {isa = PBXFileReference; lastKnownFileType = sourcecode.swift; path = FileCache.swift; sourceTree = "<group>"; };
		63A3F5DE2A68005300FD2E14 /* JSONExtend.swift */ = {isa = PBXFileReference; lastKnownFileType = sourcecode.swift; path = JSONExtend.swift; sourceTree = "<group>"; };
		63A3F5E12A68006800FD2E14 /* ToDoItem.swift */ = {isa = PBXFileReference; lastKnownFileType = sourcecode.swift; name = ToDoItem.swift; path = Parsings/ToDoItem.swift; sourceTree = "<group>"; };
		63C033FC2A4DB6B3009A1CB3 /* DefaultTableViewCell.swift */ = {isa = PBXFileReference; lastKnownFileType = sourcecode.swift; path = DefaultTableViewCell.swift; sourceTree = "<group>"; };
		63C033FF2A4DB6D3009A1CB3 /* ImportantTableViewCell.swift */ = {isa = PBXFileReference; lastKnownFileType = sourcecode.swift; path = ImportantTableViewCell.swift; sourceTree = "<group>"; };
		63C034012A4DB6E9009A1CB3 /* DeadlineTableViewCell.swift */ = {isa = PBXFileReference; lastKnownFileType = sourcecode.swift; path = DeadlineTableViewCell.swift; sourceTree = "<group>"; };
		63C034032A4DB6F3009A1CB3 /* BothTableViewCell.swift */ = {isa = PBXFileReference; lastKnownFileType = sourcecode.swift; path = BothTableViewCell.swift; sourceTree = "<group>"; };
		63C034062A4DF343009A1CB3 /* EmptyTableViewCell.swift */ = {isa = PBXFileReference; lastKnownFileType = sourcecode.swift; path = EmptyTableViewCell.swift; sourceTree = "<group>"; };
		63C034082A4E06F7009A1CB3 /* TransitionAnimator.swift */ = {isa = PBXFileReference; lastKnownFileType = sourcecode.swift; path = TransitionAnimator.swift; sourceTree = "<group>"; };
		63C0340F2A4EDBA6009A1CB3 /* TableViewDelegates.swift */ = {isa = PBXFileReference; lastKnownFileType = sourcecode.swift; path = TableViewDelegates.swift; sourceTree = "<group>"; };
		63C034182A4EF97C009A1CB3 /* LogFormatter.swift */ = {isa = PBXFileReference; lastKnownFileType = sourcecode.swift; path = LogFormatter.swift; sourceTree = "<group>"; };
		63CE09A42A5EBBB100831E2A /* DatabaseSQL.swift */ = {isa = PBXFileReference; lastKnownFileType = sourcecode.swift; path = DatabaseSQL.swift; sourceTree = "<group>"; };
		63CE09BA2A617FA600831E2A /* CoreDataManager.swift */ = {isa = PBXFileReference; lastKnownFileType = sourcecode.swift; path = CoreDataManager.swift; sourceTree = "<group>"; };
		63CE09BC2A61835F00831E2A /* DatabaseCoreData.swift */ = {isa = PBXFileReference; lastKnownFileType = sourcecode.swift; path = DatabaseCoreData.swift; sourceTree = "<group>"; };
		63CE09D62A619EFC00831E2A /* CoreDataModel.xcdatamodel */ = {isa = PBXFileReference; lastKnownFileType = wrapper.xcdatamodel; path = CoreDataModel.xcdatamodel; sourceTree = "<group>"; };
		63CE09D92A619F7400831E2A /* ToDoItems+CoreData.swift */ = {isa = PBXFileReference; lastKnownFileType = sourcecode.swift; path = "ToDoItems+CoreData.swift"; sourceTree = "<group>"; };
		63EE3C192A4C5A9B00B275DF /* MainViewController.swift */ = {isa = PBXFileReference; lastKnownFileType = sourcecode.swift; path = MainViewController.swift; sourceTree = "<group>"; };
		D488755A119373DEEF4B59CE /* Pods-School_ToDoListTests.release.xcconfig */ = {isa = PBXFileReference; includeInIndex = 1; lastKnownFileType = text.xcconfig; name = "Pods-School_ToDoListTests.release.xcconfig"; path = "Target Support Files/Pods-School_ToDoListTests/Pods-School_ToDoListTests.release.xcconfig"; sourceTree = "<group>"; };
		E5A67FC8666696EC3CEC9FDF /* Pods_School_ToDoList.framework */ = {isa = PBXFileReference; explicitFileType = wrapper.framework; includeInIndex = 0; path = Pods_School_ToDoList.framework; sourceTree = BUILT_PRODUCTS_DIR; };
		E9ADF11BC6AA9756F7F85BE1 /* Pods-School_ToDoListTests.debug.xcconfig */ = {isa = PBXFileReference; includeInIndex = 1; lastKnownFileType = text.xcconfig; name = "Pods-School_ToDoListTests.debug.xcconfig"; path = "Target Support Files/Pods-School_ToDoListTests/Pods-School_ToDoListTests.debug.xcconfig"; sourceTree = "<group>"; };
/* End PBXFileReference section */

/* Begin PBXFrameworksBuildPhase section */
		634452562A34A85600BFB9E3 /* Frameworks */ = {
			isa = PBXFrameworksBuildPhase;
			buildActionMask = 2147483647;
			files = (
				63CE09A02A5EB68300831E2A /* SQLite in Frameworks */,
				63C034152A4EF2E8009A1CB3 /* CocoaLumberjackSwift in Frameworks */,
				63C034172A4EF2E8009A1CB3 /* CocoaLumberjackSwiftLogBackend in Frameworks */,
				63C034132A4EF2E8009A1CB3 /* CocoaLumberjack in Frameworks */,
				D3A1F42126E052A6E5C98039 /* Pods_School_ToDoList.framework in Frameworks */,
			);
			runOnlyForDeploymentPostprocessing = 0;
		};
		6344527F2A3B1A5500BFB9E3 /* Frameworks */ = {
			isa = PBXFrameworksBuildPhase;
			buildActionMask = 2147483647;
			files = (
				BFE647AFEDC12F038C799505 /* Pods_School_ToDoListTests.framework in Frameworks */,
			);
			runOnlyForDeploymentPostprocessing = 0;
		};
		63A3F5A12A66B34E00FD2E14 /* Frameworks */ = {
			isa = PBXFrameworksBuildPhase;
			buildActionMask = 2147483647;
			files = (
				63A3F5A22A66B34E00FD2E14 /* SQLite in Frameworks */,
				63A3F5A32A66B34E00FD2E14 /* CocoaLumberjackSwift in Frameworks */,
				63A3F5A42A66B34E00FD2E14 /* CocoaLumberjackSwiftLogBackend in Frameworks */,
				63A3F5A52A66B34E00FD2E14 /* CocoaLumberjack in Frameworks */,
				63A3F5A62A66B34E00FD2E14 /* Pods_School_ToDoList.framework in Frameworks */,
			);
			runOnlyForDeploymentPostprocessing = 0;
		};
/* End PBXFrameworksBuildPhase section */

/* Begin PBXGroup section */
		631E26672A55B2A500C3430D /* Networking */ = {
			isa = PBXGroup;
			children = (
				631E26682A55B2C800C3430D /* URLSessionExtension.swift */,
				631E266A2A55B39D00C3430D /* NetworkingService.swift */,
			);
			path = Networking;
			sourceTree = "<group>";
		};
		631E266E2A57433400C3430D /* Models */ = {
			isa = PBXGroup;
			children = (
				63A3F5D92A67FFDE00FD2E14 /* Parsings */,
				63A3F5E12A68006800FD2E14 /* ToDoItem.swift */,
				63A3F5DC2A68002800FD2E14 /* FileCache.swift */,
			);
			path = Models;
			sourceTree = "<group>";
		};
		634452502A34A85600BFB9E3 = {
			isa = PBXGroup;
			children = (
				6344525B2A34A85600BFB9E3 /* School_ToDoList */,
				63A3F5B52A66B37600FD2E14 /* SwiftUI */,
				6344525A2A34A85600BFB9E3 /* Products */,
				775840DE2B1F68679CB80447 /* Pods */,
				76A0973C9FEA01FC1F3D7990 /* Frameworks */,
			);
			sourceTree = "<group>";
		};
		6344525A2A34A85600BFB9E3 /* Products */ = {
			isa = PBXGroup;
			children = (
				634452592A34A85600BFB9E3 /* School_ToDoList.app */,
				634452822A3B1A5500BFB9E3 /* School_ToDoListTests.xctest */,
				63A3F5B22A66B34E00FD2E14 /* School_ToDoList-SUI.app */,
			);
			name = Products;
			sourceTree = "<group>";
		};
		6344525B2A34A85600BFB9E3 /* School_ToDoList */ = {
			isa = PBXGroup;
			children = (
				634452702A34A8C400BFB9E3 /* Application */,
				63CE09B42A617E0200831E2A /* Databases */,
				634452712A34A8D300BFB9E3 /* Module */,
				634452832A3B1A5500BFB9E3 /* School_ToDoListTests */,
				634B8E652A41B89A00BE9ADB /* Extensions */,
				634B8E5C2A41B49800BE9ADB /* Fonts */,
				634452752A34A8FF00BFB9E3 /* SupportingFiles */,
				6344526A2A34A85700BFB9E3 /* Info.plist */,
			);
			path = School_ToDoList;
			sourceTree = "<group>";
		};
		634452702A34A8C400BFB9E3 /* Application */ = {
			isa = PBXGroup;
			children = (
				6344525C2A34A85600BFB9E3 /* AppDelegate.swift */,
				6344525E2A34A85600BFB9E3 /* SceneDelegate.swift */,
			);
			path = Application;
			sourceTree = "<group>";
		};
		634452712A34A8D300BFB9E3 /* Module */ = {
			isa = PBXGroup;
			children = (
				631E266E2A57433400C3430D /* Models */,
				631E26672A55B2A500C3430D /* Networking */,
				634B8E592A409AAE00BE9ADB /* Views */,
				634452722A34A8DC00BFB9E3 /* Controllers */,
				63C0340A2A4E0703009A1CB3 /* Animations */,
			);
			path = Module;
			sourceTree = "<group>";
		};
		634452722A34A8DC00BFB9E3 /* Controllers */ = {
			isa = PBXGroup;
			children = (
				634452602A34A85600BFB9E3 /* DetailsViewController.swift */,
				63EE3C192A4C5A9B00B275DF /* MainViewController.swift */,
				634B8E762A41FBA100BE9ADB /* Delegates */,
			);
			path = Controllers;
			sourceTree = "<group>";
		};
		634452752A34A8FF00BFB9E3 /* SupportingFiles */ = {
			isa = PBXGroup;
			children = (
				634452652A34A85700BFB9E3 /* Assets.xcassets */,
			);
			path = SupportingFiles;
			sourceTree = "<group>";
		};
		634452832A3B1A5500BFB9E3 /* School_ToDoListTests */ = {
			isa = PBXGroup;
			children = (
				634452842A3B1A5500BFB9E3 /* ConfigurationAndParsingTests.swift */,
			);
			path = School_ToDoListTests;
			sourceTree = "<group>";
		};
		634B8E592A409AAE00BE9ADB /* Views */ = {
			isa = PBXGroup;
			children = (
				634B8E6A2A41CABD00BE9ADB /* DetailsTextView.swift */,
				634B8E742A41F51900BE9ADB /* SegmentedControl.swift */,
				634B8E772A422B5800BE9ADB /* ScrollView.swift */,
				63C033FE2A4DB6B8009A1CB3 /* TableViewCells */,
			);
			path = Views;
			sourceTree = "<group>";
		};
		634B8E5C2A41B49800BE9ADB /* Fonts */ = {
			isa = PBXGroup;
			children = (
				634B8E662A41BA7000BE9ADB /* SFProText-Light.otf */,
				634B8E672A41BA7100BE9ADB /* SFProText-Medium.otf */,
				634B8E5E2A41B53300BE9ADB /* SFProDisplay-Bold.OTF */,
				634B8E5D2A41B53300BE9ADB /* SFProDisplay-Medium.OTF */,
				634B8E5F2A41B53300BE9ADB /* SFProDisplay-Regular.OTF */,
			);
			path = Fonts;
			sourceTree = "<group>";
		};
		634B8E652A41B89A00BE9ADB /* Extensions */ = {
			isa = PBXGroup;
			children = (
				634B8E632A41B6A500BE9ADB /* FontStyles.swift */,
				63C034182A4EF97C009A1CB3 /* LogFormatter.swift */,
			);
			path = Extensions;
			sourceTree = "<group>";
		};
		634B8E762A41FBA100BE9ADB /* Delegates */ = {
			isa = PBXGroup;
			children = (
				63C0340C2A4EDB61009A1CB3 /* MainController */,
				63C0340B2A4EDB51009A1CB3 /* DetailsController */,
			);
			path = Delegates;
			sourceTree = "<group>";
		};
		63A3F5B52A66B37600FD2E14 /* SwiftUI */ = {
			isa = PBXGroup;
			children = (
				63A3F5BE2A66EB7E00FD2E14 /* Models */,
				63A3F5BB2A66B49700FD2E14 /* ToDoListApp.swift */,
				63A3F5B92A66B47500FD2E14 /* ContentView.swift */,
				63A3F5B32A66B34F00FD2E14 /* School_ToDoList copy-Info.plist */,
			);
			path = SwiftUI;
			sourceTree = "<group>";
		};
		63A3F5BE2A66EB7E00FD2E14 /* Models */ = {
			isa = PBXGroup;
			children = (
			);
			path = Models;
			sourceTree = "<group>";
		};
		63A3F5D92A67FFDE00FD2E14 /* Parsings */ = {
			isa = PBXGroup;
			children = (
				63A3F5DA2A68001B00FD2E14 /* CSVExtend.swift */,
				631E266F2A57437100C3430D /* NetworkJSON.swift */,
				63A3F5DE2A68005300FD2E14 /* JSONExtend.swift */,
			);
			path = Parsings;
			sourceTree = "<group>";
		};
		63C033FE2A4DB6B8009A1CB3 /* TableViewCells */ = {
			isa = PBXGroup;
			children = (
				63C033FC2A4DB6B3009A1CB3 /* DefaultTableViewCell.swift */,
				63C034062A4DF343009A1CB3 /* EmptyTableViewCell.swift */,
				63C033FF2A4DB6D3009A1CB3 /* ImportantTableViewCell.swift */,
				63C034012A4DB6E9009A1CB3 /* DeadlineTableViewCell.swift */,
				63C034032A4DB6F3009A1CB3 /* BothTableViewCell.swift */,
			);
			path = TableViewCells;
			sourceTree = "<group>";
		};
		63C0340A2A4E0703009A1CB3 /* Animations */ = {
			isa = PBXGroup;
			children = (
				63C034082A4E06F7009A1CB3 /* TransitionAnimator.swift */,
			);
			path = Animations;
			sourceTree = "<group>";
		};
		63C0340B2A4EDB51009A1CB3 /* DetailsController */ = {
			isa = PBXGroup;
			children = (
				634B8E6C2A41D2C900BE9ADB /* TextViewDelegateExtend.swift */,
				634B8E722A41F3D000BE9ADB /* TableViewDelegateExtend.swift */,
			);
			path = DetailsController;
			sourceTree = "<group>";
		};
		63C0340C2A4EDB61009A1CB3 /* MainController */ = {
			isa = PBXGroup;
			children = (
				63C0340F2A4EDBA6009A1CB3 /* TableViewDelegates.swift */,
			);
			path = MainController;
			sourceTree = "<group>";
		};
		63CE09B42A617E0200831E2A /* Databases */ = {
			isa = PBXGroup;
			children = (
				63CE09B62A617E2800831E2A /* CoreData */,
				63CE09B52A617E1F00831E2A /* SQLite */,
			);
			path = Databases;
			sourceTree = "<group>";
		};
		63CE09B52A617E1F00831E2A /* SQLite */ = {
			isa = PBXGroup;
			children = (
				63CE09A42A5EBBB100831E2A /* DatabaseSQL.swift */,
			);
			path = SQLite;
			sourceTree = "<group>";
		};
		63CE09B62A617E2800831E2A /* CoreData */ = {
			isa = PBXGroup;
			children = (
				63CE09D92A619F7400831E2A /* ToDoItems+CoreData.swift */,
				63CE09BA2A617FA600831E2A /* CoreDataManager.swift */,
				63CE09BC2A61835F00831E2A /* DatabaseCoreData.swift */,
				63CE09D52A619EFC00831E2A /* CoreDataBaseModel.xcdatamodeld */,
			);
			path = CoreData;
			sourceTree = "<group>";
		};
		76A0973C9FEA01FC1F3D7990 /* Frameworks */ = {
			isa = PBXGroup;
			children = (
				E5A67FC8666696EC3CEC9FDF /* Pods_School_ToDoList.framework */,
				065AF5FBBE90ECD5609AC9FC /* Pods_School_ToDoListTests.framework */,
			);
			name = Frameworks;
			sourceTree = "<group>";
		};
		775840DE2B1F68679CB80447 /* Pods */ = {
			isa = PBXGroup;
			children = (
				328318BF22868B50B663E3F5 /* Pods-School_ToDoList.debug.xcconfig */,
				1D59CF7F3DD7F63C9F08E882 /* Pods-School_ToDoList.release.xcconfig */,
				E9ADF11BC6AA9756F7F85BE1 /* Pods-School_ToDoListTests.debug.xcconfig */,
				D488755A119373DEEF4B59CE /* Pods-School_ToDoListTests.release.xcconfig */,
			);
			path = Pods;
			sourceTree = "<group>";
		};
/* End PBXGroup section */

/* Begin PBXNativeTarget section */
		634452582A34A85600BFB9E3 /* School_ToDoList */ = {
			isa = PBXNativeTarget;
			buildConfigurationList = 6344526D2A34A85700BFB9E3 /* Build configuration list for PBXNativeTarget "School_ToDoList" */;
			buildPhases = (
				63C0341A2A4F113F009A1CB3 /* ShellScript */,
				440737C97458070ACF5CA610 /* [CP] Check Pods Manifest.lock */,
				634452552A34A85600BFB9E3 /* Sources */,
				634452562A34A85600BFB9E3 /* Frameworks */,
				634452572A34A85600BFB9E3 /* Resources */,
			);
			buildRules = (
			);
			dependencies = (
			);
			name = School_ToDoList;
			packageProductDependencies = (
				63C034122A4EF2E8009A1CB3 /* CocoaLumberjack */,
				63C034142A4EF2E8009A1CB3 /* CocoaLumberjackSwift */,
				63C034162A4EF2E8009A1CB3 /* CocoaLumberjackSwiftLogBackend */,
				63CE099F2A5EB68300831E2A /* SQLite */,
			);
			productName = School_ToDoList;
			productReference = 634452592A34A85600BFB9E3 /* School_ToDoList.app */;
			productType = "com.apple.product-type.application";
		};
		634452812A3B1A5500BFB9E3 /* School_ToDoListTests */ = {
			isa = PBXNativeTarget;
			buildConfigurationList = 6344528A2A3B1A5500BFB9E3 /* Build configuration list for PBXNativeTarget "School_ToDoListTests" */;
			buildPhases = (
				8EEE618C0AB7C0CDFEA93300 /* [CP] Check Pods Manifest.lock */,
				6344527E2A3B1A5500BFB9E3 /* Sources */,
				6344527F2A3B1A5500BFB9E3 /* Frameworks */,
				634452802A3B1A5500BFB9E3 /* Resources */,
			);
			buildRules = (
			);
			dependencies = (
				634452872A3B1A5500BFB9E3 /* PBXTargetDependency */,
			);
			name = School_ToDoListTests;
			productName = School_ToDoListTests;
			productReference = 634452822A3B1A5500BFB9E3 /* School_ToDoListTests.xctest */;
			productType = "com.apple.product-type.bundle.unit-test";
		};
		63A3F57B2A66B34E00FD2E14 /* School_ToDoList-SUI */ = {
			isa = PBXNativeTarget;
			buildConfigurationList = 63A3F5AF2A66B34E00FD2E14 /* Build configuration list for PBXNativeTarget "School_ToDoList-SUI" */;
			buildPhases = (
				63A3F5842A66B34E00FD2E14 /* ShellScript */,
				63A3F5852A66B34E00FD2E14 /* [CP] Check Pods Manifest.lock */,
				63A3F5862A66B34E00FD2E14 /* Sources */,
				63A3F5A12A66B34E00FD2E14 /* Frameworks */,
				63A3F5A82A66B34E00FD2E14 /* Resources */,
			);
			buildRules = (
			);
			dependencies = (
			);
			name = "School_ToDoList-SUI";
			packageProductDependencies = (
				63A3F57C2A66B34E00FD2E14 /* CocoaLumberjack */,
				63A3F57E2A66B34E00FD2E14 /* CocoaLumberjackSwift */,
				63A3F57F2A66B34E00FD2E14 /* CocoaLumberjackSwiftLogBackend */,
				63A3F5822A66B34E00FD2E14 /* SQLite */,
			);
			productName = School_ToDoList;
			productReference = 63A3F5B22A66B34E00FD2E14 /* School_ToDoList-SUI.app */;
			productType = "com.apple.product-type.application";
		};
/* End PBXNativeTarget section */

/* Begin PBXProject section */
		634452512A34A85600BFB9E3 /* Project object */ = {
			isa = PBXProject;
			attributes = {
				BuildIndependentTargetsInParallel = 1;
				LastSwiftUpdateCheck = 1430;
				LastUpgradeCheck = 1430;
				TargetAttributes = {
					634452582A34A85600BFB9E3 = {
						CreatedOnToolsVersion = 14.3.1;
					};
					634452812A3B1A5500BFB9E3 = {
						CreatedOnToolsVersion = 14.3.1;
						TestTargetID = 634452582A34A85600BFB9E3;
					};
					63A3F57B2A66B34E00FD2E14 = {
						LastSwiftMigration = 1430;
					};
				};
			};
			buildConfigurationList = 634452542A34A85600BFB9E3 /* Build configuration list for PBXProject "School_ToDoList" */;
			compatibilityVersion = "Xcode 14.0";
			developmentRegion = en;
			hasScannedForEncodings = 0;
			knownRegions = (
				en,
				Base,
			);
			mainGroup = 634452502A34A85600BFB9E3;
			packageReferences = (
				63C034112A4EF2E8009A1CB3 /* XCRemoteSwiftPackageReference "CocoaLumberjack" */,
				63CE099E2A5EB68300831E2A /* XCRemoteSwiftPackageReference "SQLite" */,
			);
			productRefGroup = 6344525A2A34A85600BFB9E3 /* Products */;
			projectDirPath = "";
			projectRoot = "";
			targets = (
				634452582A34A85600BFB9E3 /* School_ToDoList */,
				63A3F57B2A66B34E00FD2E14 /* School_ToDoList-SUI */,
				634452812A3B1A5500BFB9E3 /* School_ToDoListTests */,
			);
		};
/* End PBXProject section */

/* Begin PBXResourcesBuildPhase section */
		634452572A34A85600BFB9E3 /* Resources */ = {
			isa = PBXResourcesBuildPhase;
			buildActionMask = 2147483647;
			files = (
				634B8E622A41B53300BE9ADB /* SFProDisplay-Regular.OTF in Resources */,
				634B8E602A41B53300BE9ADB /* SFProDisplay-Medium.OTF in Resources */,
				634B8E692A41BA7100BE9ADB /* SFProText-Medium.otf in Resources */,
				634B8E612A41B53300BE9ADB /* SFProDisplay-Bold.OTF in Resources */,
				634452662A34A85700BFB9E3 /* Assets.xcassets in Resources */,
				634B8E682A41BA7100BE9ADB /* SFProText-Light.otf in Resources */,
			);
			runOnlyForDeploymentPostprocessing = 0;
		};
		634452802A3B1A5500BFB9E3 /* Resources */ = {
			isa = PBXResourcesBuildPhase;
			buildActionMask = 2147483647;
			files = (
			);
			runOnlyForDeploymentPostprocessing = 0;
		};
		63A3F5A82A66B34E00FD2E14 /* Resources */ = {
			isa = PBXResourcesBuildPhase;
			buildActionMask = 2147483647;
			files = (
				63A3F5A92A66B34E00FD2E14 /* SFProDisplay-Regular.OTF in Resources */,
				63A3F5AA2A66B34E00FD2E14 /* SFProDisplay-Medium.OTF in Resources */,
				63A3F5AB2A66B34E00FD2E14 /* SFProText-Medium.otf in Resources */,
				63A3F5AC2A66B34E00FD2E14 /* SFProDisplay-Bold.OTF in Resources */,
				63A3F5AD2A66B34E00FD2E14 /* Assets.xcassets in Resources */,
				63A3F5AE2A66B34E00FD2E14 /* SFProText-Light.otf in Resources */,
			);
			runOnlyForDeploymentPostprocessing = 0;
		};
/* End PBXResourcesBuildPhase section */

/* Begin PBXShellScriptBuildPhase section */
		440737C97458070ACF5CA610 /* [CP] Check Pods Manifest.lock */ = {
			isa = PBXShellScriptBuildPhase;
			buildActionMask = 2147483647;
			files = (
			);
			inputFileListPaths = (
			);
			inputPaths = (
				"${PODS_PODFILE_DIR_PATH}/Podfile.lock",
				"${PODS_ROOT}/Manifest.lock",
			);
			name = "[CP] Check Pods Manifest.lock";
			outputFileListPaths = (
			);
			outputPaths = (
				"$(DERIVED_FILE_DIR)/Pods-School_ToDoList-checkManifestLockResult.txt",
			);
			runOnlyForDeploymentPostprocessing = 0;
			shellPath = /bin/sh;
			shellScript = "diff \"${PODS_PODFILE_DIR_PATH}/Podfile.lock\" \"${PODS_ROOT}/Manifest.lock\" > /dev/null\nif [ $? != 0 ] ; then\n    # print error to STDERR\n    echo \"error: The sandbox is not in sync with the Podfile.lock. Run 'pod install' or update your CocoaPods installation.\" >&2\n    exit 1\nfi\n# This output is used by Xcode 'outputs' to avoid re-running this script phase.\necho \"SUCCESS\" > \"${SCRIPT_OUTPUT_FILE_0}\"\n";
			showEnvVarsInLog = 0;
		};
		63A3F5842A66B34E00FD2E14 /* ShellScript */ = {
			isa = PBXShellScriptBuildPhase;
			alwaysOutOfDate = 1;
			buildActionMask = 2147483647;
			files = (
			);
			inputFileListPaths = (
			);
			inputPaths = (
			);
			outputFileListPaths = (
			);
			outputPaths = (
			);
			runOnlyForDeploymentPostprocessing = 0;
			shellPath = /bin/sh;
			shellScript = "${PODS_ROOT}/SwiftLint/swiftlint\n";
		};
		63A3F5852A66B34E00FD2E14 /* [CP] Check Pods Manifest.lock */ = {
			isa = PBXShellScriptBuildPhase;
			buildActionMask = 2147483647;
			files = (
			);
			inputFileListPaths = (
			);
			inputPaths = (
				"${PODS_PODFILE_DIR_PATH}/Podfile.lock",
				"${PODS_ROOT}/Manifest.lock",
			);
			name = "[CP] Check Pods Manifest.lock";
			outputFileListPaths = (
			);
			outputPaths = (
				"$(DERIVED_FILE_DIR)/Pods-School_ToDoList-checkManifestLockResult.txt",
			);
			runOnlyForDeploymentPostprocessing = 0;
			shellPath = /bin/sh;
			shellScript = "diff \"${PODS_PODFILE_DIR_PATH}/Podfile.lock\" \"${PODS_ROOT}/Manifest.lock\" > /dev/null\nif [ $? != 0 ] ; then\n    # print error to STDERR\n    echo \"error: The sandbox is not in sync with the Podfile.lock. Run 'pod install' or update your CocoaPods installation.\" >&2\n    exit 1\nfi\n# This output is used by Xcode 'outputs' to avoid re-running this script phase.\necho \"SUCCESS\" > \"${SCRIPT_OUTPUT_FILE_0}\"\n";
			showEnvVarsInLog = 0;
		};
		63C0341A2A4F113F009A1CB3 /* ShellScript */ = {
			isa = PBXShellScriptBuildPhase;
			alwaysOutOfDate = 1;
			buildActionMask = 2147483647;
			files = (
			);
			inputFileListPaths = (
			);
			inputPaths = (
			);
			outputFileListPaths = (
			);
			outputPaths = (
			);
			runOnlyForDeploymentPostprocessing = 0;
			shellPath = /bin/sh;
			shellScript = "${PODS_ROOT}/SwiftLint/swiftlint\n";
		};
		8EEE618C0AB7C0CDFEA93300 /* [CP] Check Pods Manifest.lock */ = {
			isa = PBXShellScriptBuildPhase;
			buildActionMask = 2147483647;
			files = (
			);
			inputFileListPaths = (
			);
			inputPaths = (
				"${PODS_PODFILE_DIR_PATH}/Podfile.lock",
				"${PODS_ROOT}/Manifest.lock",
			);
			name = "[CP] Check Pods Manifest.lock";
			outputFileListPaths = (
			);
			outputPaths = (
				"$(DERIVED_FILE_DIR)/Pods-School_ToDoListTests-checkManifestLockResult.txt",
			);
			runOnlyForDeploymentPostprocessing = 0;
			shellPath = /bin/sh;
			shellScript = "diff \"${PODS_PODFILE_DIR_PATH}/Podfile.lock\" \"${PODS_ROOT}/Manifest.lock\" > /dev/null\nif [ $? != 0 ] ; then\n    # print error to STDERR\n    echo \"error: The sandbox is not in sync with the Podfile.lock. Run 'pod install' or update your CocoaPods installation.\" >&2\n    exit 1\nfi\n# This output is used by Xcode 'outputs' to avoid re-running this script phase.\necho \"SUCCESS\" > \"${SCRIPT_OUTPUT_FILE_0}\"\n";
			showEnvVarsInLog = 0;
		};
/* End PBXShellScriptBuildPhase section */

/* Begin PBXSourcesBuildPhase section */
		634452552A34A85600BFB9E3 /* Sources */ = {
			isa = PBXSourcesBuildPhase;
			buildActionMask = 2147483647;
			files = (
				634452612A34A85600BFB9E3 /* DetailsViewController.swift in Sources */,
				63C034102A4EDBA6009A1CB3 /* TableViewDelegates.swift in Sources */,
				63A3F5E22A68006800FD2E14 /* ToDoItem.swift in Sources */,
				63A3F5DD2A68002800FD2E14 /* FileCache.swift in Sources */,
				634B8E782A422B5800BE9ADB /* ScrollView.swift in Sources */,
				634B8E732A41F3D000BE9ADB /* TableViewDelegateExtend.swift in Sources */,
				63CE09D72A619EFC00831E2A /* CoreDataBaseModel.xcdatamodeld in Sources */,
				63CE09DB2A619F7400831E2A /* ToDoItems+CoreData.swift in Sources */,
				63C033FD2A4DB6B3009A1CB3 /* DefaultTableViewCell.swift in Sources */,
				63CE09BD2A61835F00831E2A /* DatabaseCoreData.swift in Sources */,
				634B8E642A41B6A500BE9ADB /* FontStyles.swift in Sources */,
				63CE09BB2A617FA600831E2A /* CoreDataManager.swift in Sources */,
				634B8E6D2A41D2C900BE9ADB /* TextViewDelegateExtend.swift in Sources */,
				63C034192A4EF97C009A1CB3 /* LogFormatter.swift in Sources */,
				63A3F5DF2A68005300FD2E14 /* JSONExtend.swift in Sources */,
				63C034002A4DB6D3009A1CB3 /* ImportantTableViewCell.swift in Sources */,
				6344525D2A34A85600BFB9E3 /* AppDelegate.swift in Sources */,
				63C034042A4DB6F3009A1CB3 /* BothTableViewCell.swift in Sources */,
				63EE3C1A2A4C5A9B00B275DF /* MainViewController.swift in Sources */,
				634B8E752A41F51900BE9ADB /* SegmentedControl.swift in Sources */,
				63A3F5DB2A68001B00FD2E14 /* CSVExtend.swift in Sources */,
				634B8E6B2A41CABD00BE9ADB /* DetailsTextView.swift in Sources */,
				631E26692A55B2C800C3430D /* URLSessionExtension.swift in Sources */,
				631E266B2A55B39D00C3430D /* NetworkingService.swift in Sources */,
				63C034022A4DB6E9009A1CB3 /* DeadlineTableViewCell.swift in Sources */,
				63CE09A52A5EBBB100831E2A /* DatabaseSQL.swift in Sources */,
				631E26702A57437100C3430D /* NetworkJSON.swift in Sources */,
				63C034072A4DF343009A1CB3 /* EmptyTableViewCell.swift in Sources */,
				63C034092A4E06F7009A1CB3 /* TransitionAnimator.swift in Sources */,
				6344525F2A34A85600BFB9E3 /* SceneDelegate.swift in Sources */,
			);
			runOnlyForDeploymentPostprocessing = 0;
		};
		6344527E2A3B1A5500BFB9E3 /* Sources */ = {
			isa = PBXSourcesBuildPhase;
			buildActionMask = 2147483647;
			files = (
				634452852A3B1A5500BFB9E3 /* ConfigurationAndParsingTests.swift in Sources */,
			);
			runOnlyForDeploymentPostprocessing = 0;
		};
		63A3F5862A66B34E00FD2E14 /* Sources */ = {
			isa = PBXSourcesBuildPhase;
			buildActionMask = 2147483647;
			files = (
				63A3F5E52A68008200FD2E14 /* NetworkJSON.swift in Sources */,
				63A3F5E02A68005300FD2E14 /* JSONExtend.swift in Sources */,
				63A3F5BC2A66B49700FD2E14 /* ToDoListApp.swift in Sources */,
				63A3F5E42A68007D00FD2E14 /* FileCache.swift in Sources */,
				63A3F5E32A68006800FD2E14 /* ToDoItem.swift in Sources */,
				63A3F5BD2A66E0B100FD2E14 /* DatabaseSQL.swift in Sources */,
				63A3F5BA2A66B47500FD2E14 /* ContentView.swift in Sources */,
				63A3F58B2A66B34E00FD2E14 /* CoreDataBaseModel.xcdatamodeld in Sources */,
				63A3F5E62A68008400FD2E14 /* CSVExtend.swift in Sources */,
			);
			runOnlyForDeploymentPostprocessing = 0;
		};
/* End PBXSourcesBuildPhase section */

/* Begin PBXTargetDependency section */
		634452872A3B1A5500BFB9E3 /* PBXTargetDependency */ = {
			isa = PBXTargetDependency;
			target = 634452582A34A85600BFB9E3 /* School_ToDoList */;
			targetProxy = 634452862A3B1A5500BFB9E3 /* PBXContainerItemProxy */;
		};
/* End PBXTargetDependency section */

/* Begin XCBuildConfiguration section */
		6344526B2A34A85700BFB9E3 /* Debug */ = {
			isa = XCBuildConfiguration;
			buildSettings = {
				ALWAYS_SEARCH_USER_PATHS = NO;
				CLANG_ANALYZER_NONNULL = YES;
				CLANG_ANALYZER_NUMBER_OBJECT_CONVERSION = YES_AGGRESSIVE;
				CLANG_CXX_LANGUAGE_STANDARD = "gnu++20";
				CLANG_ENABLE_MODULES = YES;
				CLANG_ENABLE_OBJC_ARC = YES;
				CLANG_ENABLE_OBJC_WEAK = YES;
				CLANG_WARN_BLOCK_CAPTURE_AUTORELEASING = YES;
				CLANG_WARN_BOOL_CONVERSION = YES;
				CLANG_WARN_COMMA = YES;
				CLANG_WARN_CONSTANT_CONVERSION = YES;
				CLANG_WARN_DEPRECATED_OBJC_IMPLEMENTATIONS = YES;
				CLANG_WARN_DIRECT_OBJC_ISA_USAGE = YES_ERROR;
				CLANG_WARN_DOCUMENTATION_COMMENTS = YES;
				CLANG_WARN_EMPTY_BODY = YES;
				CLANG_WARN_ENUM_CONVERSION = YES;
				CLANG_WARN_INFINITE_RECURSION = YES;
				CLANG_WARN_INT_CONVERSION = YES;
				CLANG_WARN_NON_LITERAL_NULL_CONVERSION = YES;
				CLANG_WARN_OBJC_IMPLICIT_RETAIN_SELF = YES;
				CLANG_WARN_OBJC_LITERAL_CONVERSION = YES;
				CLANG_WARN_OBJC_ROOT_CLASS = YES_ERROR;
				CLANG_WARN_QUOTED_INCLUDE_IN_FRAMEWORK_HEADER = YES;
				CLANG_WARN_RANGE_LOOP_ANALYSIS = YES;
				CLANG_WARN_STRICT_PROTOTYPES = YES;
				CLANG_WARN_SUSPICIOUS_MOVE = YES;
				CLANG_WARN_UNGUARDED_AVAILABILITY = YES_AGGRESSIVE;
				CLANG_WARN_UNREACHABLE_CODE = YES;
				CLANG_WARN__DUPLICATE_METHOD_MATCH = YES;
				COPY_PHASE_STRIP = NO;
				DEBUG_INFORMATION_FORMAT = dwarf;
				ENABLE_STRICT_OBJC_MSGSEND = YES;
				ENABLE_TESTABILITY = YES;
				GCC_C_LANGUAGE_STANDARD = gnu11;
				GCC_DYNAMIC_NO_PIC = NO;
				GCC_NO_COMMON_BLOCKS = YES;
				GCC_OPTIMIZATION_LEVEL = 0;
				GCC_PREPROCESSOR_DEFINITIONS = (
					"DEBUG=1",
					"$(inherited)",
				);
				GCC_WARN_64_TO_32_BIT_CONVERSION = YES;
				GCC_WARN_ABOUT_RETURN_TYPE = YES_ERROR;
				GCC_WARN_UNDECLARED_SELECTOR = YES;
				GCC_WARN_UNINITIALIZED_AUTOS = YES_AGGRESSIVE;
				GCC_WARN_UNUSED_FUNCTION = YES;
				GCC_WARN_UNUSED_VARIABLE = YES;
				IPHONEOS_DEPLOYMENT_TARGET = 16.4;
				MTL_ENABLE_DEBUG_INFO = INCLUDE_SOURCE;
				MTL_FAST_MATH = YES;
				ONLY_ACTIVE_ARCH = YES;
				SDKROOT = iphoneos;
				SWIFT_ACTIVE_COMPILATION_CONDITIONS = DEBUG;
				SWIFT_OPTIMIZATION_LEVEL = "-Onone";
				SWIFT_STRICT_CONCURRENCY = minimal;
			};
			name = Debug;
		};
		6344526C2A34A85700BFB9E3 /* Release */ = {
			isa = XCBuildConfiguration;
			buildSettings = {
				ALWAYS_SEARCH_USER_PATHS = NO;
				CLANG_ANALYZER_NONNULL = YES;
				CLANG_ANALYZER_NUMBER_OBJECT_CONVERSION = YES_AGGRESSIVE;
				CLANG_CXX_LANGUAGE_STANDARD = "gnu++20";
				CLANG_ENABLE_MODULES = YES;
				CLANG_ENABLE_OBJC_ARC = YES;
				CLANG_ENABLE_OBJC_WEAK = YES;
				CLANG_WARN_BLOCK_CAPTURE_AUTORELEASING = YES;
				CLANG_WARN_BOOL_CONVERSION = YES;
				CLANG_WARN_COMMA = YES;
				CLANG_WARN_CONSTANT_CONVERSION = YES;
				CLANG_WARN_DEPRECATED_OBJC_IMPLEMENTATIONS = YES;
				CLANG_WARN_DIRECT_OBJC_ISA_USAGE = YES_ERROR;
				CLANG_WARN_DOCUMENTATION_COMMENTS = YES;
				CLANG_WARN_EMPTY_BODY = YES;
				CLANG_WARN_ENUM_CONVERSION = YES;
				CLANG_WARN_INFINITE_RECURSION = YES;
				CLANG_WARN_INT_CONVERSION = YES;
				CLANG_WARN_NON_LITERAL_NULL_CONVERSION = YES;
				CLANG_WARN_OBJC_IMPLICIT_RETAIN_SELF = YES;
				CLANG_WARN_OBJC_LITERAL_CONVERSION = YES;
				CLANG_WARN_OBJC_ROOT_CLASS = YES_ERROR;
				CLANG_WARN_QUOTED_INCLUDE_IN_FRAMEWORK_HEADER = YES;
				CLANG_WARN_RANGE_LOOP_ANALYSIS = YES;
				CLANG_WARN_STRICT_PROTOTYPES = YES;
				CLANG_WARN_SUSPICIOUS_MOVE = YES;
				CLANG_WARN_UNGUARDED_AVAILABILITY = YES_AGGRESSIVE;
				CLANG_WARN_UNREACHABLE_CODE = YES;
				CLANG_WARN__DUPLICATE_METHOD_MATCH = YES;
				COPY_PHASE_STRIP = NO;
				DEBUG_INFORMATION_FORMAT = "dwarf-with-dsym";
				ENABLE_NS_ASSERTIONS = NO;
				ENABLE_STRICT_OBJC_MSGSEND = YES;
				GCC_C_LANGUAGE_STANDARD = gnu11;
				GCC_NO_COMMON_BLOCKS = YES;
				GCC_WARN_64_TO_32_BIT_CONVERSION = YES;
				GCC_WARN_ABOUT_RETURN_TYPE = YES_ERROR;
				GCC_WARN_UNDECLARED_SELECTOR = YES;
				GCC_WARN_UNINITIALIZED_AUTOS = YES_AGGRESSIVE;
				GCC_WARN_UNUSED_FUNCTION = YES;
				GCC_WARN_UNUSED_VARIABLE = YES;
				IPHONEOS_DEPLOYMENT_TARGET = 16.4;
				MTL_ENABLE_DEBUG_INFO = NO;
				MTL_FAST_MATH = YES;
				SDKROOT = iphoneos;
				SWIFT_COMPILATION_MODE = wholemodule;
				SWIFT_OPTIMIZATION_LEVEL = "-O";
				SWIFT_STRICT_CONCURRENCY = minimal;
				VALIDATE_PRODUCT = YES;
			};
			name = Release;
		};
		6344526E2A34A85700BFB9E3 /* Debug */ = {
			isa = XCBuildConfiguration;
			baseConfigurationReference = 328318BF22868B50B663E3F5 /* Pods-School_ToDoList.debug.xcconfig */;
			buildSettings = {
				ASSETCATALOG_COMPILER_APPICON_NAME = AppIcon;
				ASSETCATALOG_COMPILER_GLOBAL_ACCENT_COLOR_NAME = AccentColor;
				CODE_SIGN_STYLE = Automatic;
				CURRENT_PROJECT_VERSION = 1;
				DEVELOPMENT_TEAM = ZFH6DW7S4P;
				GENERATE_INFOPLIST_FILE = YES;
				INFOPLIST_FILE = School_ToDoList/Info.plist;
				INFOPLIST_KEY_UIApplicationSupportsIndirectInputEvents = YES;
				INFOPLIST_KEY_UILaunchStoryboardName = LaunchScreen;
				INFOPLIST_KEY_UISupportedInterfaceOrientations_iPad = "UIInterfaceOrientationPortrait UIInterfaceOrientationPortraitUpsideDown UIInterfaceOrientationLandscapeLeft UIInterfaceOrientationLandscapeRight";
				INFOPLIST_KEY_UISupportedInterfaceOrientations_iPhone = "UIInterfaceOrientationPortrait UIInterfaceOrientationLandscapeLeft UIInterfaceOrientationLandscapeRight";
				LD_RUNPATH_SEARCH_PATHS = (
					"$(inherited)",
					"@executable_path/Frameworks",
				);
				MARKETING_VERSION = 1.0;
				PRODUCT_BUNDLE_IDENTIFIER = "com.remby.School-ToDoList";
				PRODUCT_NAME = "$(TARGET_NAME)";
				SWIFT_EMIT_LOC_STRINGS = YES;
				SWIFT_VERSION = 5.0;
				TARGETED_DEVICE_FAMILY = "1,2";
			};
			name = Debug;
		};
		6344526F2A34A85700BFB9E3 /* Release */ = {
			isa = XCBuildConfiguration;
			baseConfigurationReference = 1D59CF7F3DD7F63C9F08E882 /* Pods-School_ToDoList.release.xcconfig */;
			buildSettings = {
				ASSETCATALOG_COMPILER_APPICON_NAME = AppIcon;
				ASSETCATALOG_COMPILER_GLOBAL_ACCENT_COLOR_NAME = AccentColor;
				CODE_SIGN_STYLE = Automatic;
				CURRENT_PROJECT_VERSION = 1;
				DEVELOPMENT_TEAM = ZFH6DW7S4P;
				GENERATE_INFOPLIST_FILE = YES;
				INFOPLIST_FILE = School_ToDoList/Info.plist;
				INFOPLIST_KEY_UIApplicationSupportsIndirectInputEvents = YES;
				INFOPLIST_KEY_UILaunchStoryboardName = LaunchScreen;
				INFOPLIST_KEY_UISupportedInterfaceOrientations_iPad = "UIInterfaceOrientationPortrait UIInterfaceOrientationPortraitUpsideDown UIInterfaceOrientationLandscapeLeft UIInterfaceOrientationLandscapeRight";
				INFOPLIST_KEY_UISupportedInterfaceOrientations_iPhone = "UIInterfaceOrientationPortrait UIInterfaceOrientationLandscapeLeft UIInterfaceOrientationLandscapeRight";
				LD_RUNPATH_SEARCH_PATHS = (
					"$(inherited)",
					"@executable_path/Frameworks",
				);
				MARKETING_VERSION = 1.0;
				PRODUCT_BUNDLE_IDENTIFIER = "com.remby.School-ToDoList";
				PRODUCT_NAME = "$(TARGET_NAME)";
				SWIFT_EMIT_LOC_STRINGS = YES;
				SWIFT_VERSION = 5.0;
				TARGETED_DEVICE_FAMILY = "1,2";
			};
			name = Release;
		};
		634452882A3B1A5500BFB9E3 /* Debug */ = {
			isa = XCBuildConfiguration;
			baseConfigurationReference = E9ADF11BC6AA9756F7F85BE1 /* Pods-School_ToDoListTests.debug.xcconfig */;
			buildSettings = {
				BUNDLE_LOADER = "$(TEST_HOST)";
				CODE_SIGN_STYLE = Automatic;
				CURRENT_PROJECT_VERSION = 1;
				DEVELOPMENT_TEAM = ZFH6DW7S4P;
				GENERATE_INFOPLIST_FILE = YES;
				MARKETING_VERSION = 1.0;
				PRODUCT_BUNDLE_IDENTIFIER = "com.remby.School-ToDoListTests";
				PRODUCT_NAME = "$(TARGET_NAME)";
				SWIFT_EMIT_LOC_STRINGS = NO;
				SWIFT_VERSION = 5.0;
				TARGETED_DEVICE_FAMILY = "1,2";
				TEST_HOST = "$(BUILT_PRODUCTS_DIR)/School_ToDoList.app/$(BUNDLE_EXECUTABLE_FOLDER_PATH)/School_ToDoList";
			};
			name = Debug;
		};
		634452892A3B1A5500BFB9E3 /* Release */ = {
			isa = XCBuildConfiguration;
			baseConfigurationReference = D488755A119373DEEF4B59CE /* Pods-School_ToDoListTests.release.xcconfig */;
			buildSettings = {
				BUNDLE_LOADER = "$(TEST_HOST)";
				CODE_SIGN_STYLE = Automatic;
				CURRENT_PROJECT_VERSION = 1;
				DEVELOPMENT_TEAM = ZFH6DW7S4P;
				GENERATE_INFOPLIST_FILE = YES;
				MARKETING_VERSION = 1.0;
				PRODUCT_BUNDLE_IDENTIFIER = "com.remby.School-ToDoListTests";
				PRODUCT_NAME = "$(TARGET_NAME)";
				SWIFT_EMIT_LOC_STRINGS = NO;
				SWIFT_VERSION = 5.0;
				TARGETED_DEVICE_FAMILY = "1,2";
				TEST_HOST = "$(BUILT_PRODUCTS_DIR)/School_ToDoList.app/$(BUNDLE_EXECUTABLE_FOLDER_PATH)/School_ToDoList";
			};
			name = Release;
		};
		63A3F5B02A66B34E00FD2E14 /* Debug */ = {
			isa = XCBuildConfiguration;
			baseConfigurationReference = 328318BF22868B50B663E3F5 /* Pods-School_ToDoList.debug.xcconfig */;
			buildSettings = {
				ASSETCATALOG_COMPILER_APPICON_NAME = AppIcon;
				ASSETCATALOG_COMPILER_GLOBAL_ACCENT_COLOR_NAME = AccentColor;
				CLANG_ENABLE_MODULES = YES;
				CODE_SIGN_STYLE = Automatic;
				CURRENT_PROJECT_VERSION = 1;
				DEVELOPMENT_TEAM = ZFH6DW7S4P;
				GENERATE_INFOPLIST_FILE = YES;
				INFOPLIST_FILE = "School_ToDoList copy-Info.plist";
				INFOPLIST_KEY_UIApplicationSupportsIndirectInputEvents = YES;
				INFOPLIST_KEY_UILaunchStoryboardName = LaunchScreen;
				INFOPLIST_KEY_UISupportedInterfaceOrientations_iPad = "UIInterfaceOrientationPortrait UIInterfaceOrientationPortraitUpsideDown UIInterfaceOrientationLandscapeLeft UIInterfaceOrientationLandscapeRight";
				INFOPLIST_KEY_UISupportedInterfaceOrientations_iPhone = "UIInterfaceOrientationPortrait UIInterfaceOrientationLandscapeLeft UIInterfaceOrientationLandscapeRight";
				LD_RUNPATH_SEARCH_PATHS = (
					"$(inherited)",
					"@executable_path/Frameworks",
				);
				MARKETING_VERSION = 1.0;
				PRODUCT_BUNDLE_IDENTIFIER = "com.remby.School-ToDoList";
				PRODUCT_NAME = "$(TARGET_NAME)";
				SWIFT_EMIT_LOC_STRINGS = YES;
				SWIFT_OPTIMIZATION_LEVEL = "-Onone";
				SWIFT_VERSION = 5.0;
				TARGETED_DEVICE_FAMILY = "1,2";
			};
			name = Debug;
		};
		63A3F5B12A66B34E00FD2E14 /* Release */ = {
			isa = XCBuildConfiguration;
			baseConfigurationReference = 1D59CF7F3DD7F63C9F08E882 /* Pods-School_ToDoList.release.xcconfig */;
			buildSettings = {
				ASSETCATALOG_COMPILER_APPICON_NAME = AppIcon;
				ASSETCATALOG_COMPILER_GLOBAL_ACCENT_COLOR_NAME = AccentColor;
				CLANG_ENABLE_MODULES = YES;
				CODE_SIGN_STYLE = Automatic;
				CURRENT_PROJECT_VERSION = 1;
				DEVELOPMENT_TEAM = ZFH6DW7S4P;
				GENERATE_INFOPLIST_FILE = YES;
				INFOPLIST_FILE = "School_ToDoList copy-Info.plist";
				INFOPLIST_KEY_UIApplicationSupportsIndirectInputEvents = YES;
				INFOPLIST_KEY_UILaunchStoryboardName = LaunchScreen;
				INFOPLIST_KEY_UISupportedInterfaceOrientations_iPad = "UIInterfaceOrientationPortrait UIInterfaceOrientationPortraitUpsideDown UIInterfaceOrientationLandscapeLeft UIInterfaceOrientationLandscapeRight";
				INFOPLIST_KEY_UISupportedInterfaceOrientations_iPhone = "UIInterfaceOrientationPortrait UIInterfaceOrientationLandscapeLeft UIInterfaceOrientationLandscapeRight";
				LD_RUNPATH_SEARCH_PATHS = (
					"$(inherited)",
					"@executable_path/Frameworks",
				);
				MARKETING_VERSION = 1.0;
				PRODUCT_BUNDLE_IDENTIFIER = "com.remby.School-ToDoList";
				PRODUCT_NAME = "$(TARGET_NAME)";
				SWIFT_EMIT_LOC_STRINGS = YES;
				SWIFT_VERSION = 5.0;
				TARGETED_DEVICE_FAMILY = "1,2";
			};
			name = Release;
		};
/* End XCBuildConfiguration section */

/* Begin XCConfigurationList section */
		634452542A34A85600BFB9E3 /* Build configuration list for PBXProject "School_ToDoList" */ = {
			isa = XCConfigurationList;
			buildConfigurations = (
				6344526B2A34A85700BFB9E3 /* Debug */,
				6344526C2A34A85700BFB9E3 /* Release */,
			);
			defaultConfigurationIsVisible = 0;
			defaultConfigurationName = Release;
		};
		6344526D2A34A85700BFB9E3 /* Build configuration list for PBXNativeTarget "School_ToDoList" */ = {
			isa = XCConfigurationList;
			buildConfigurations = (
				6344526E2A34A85700BFB9E3 /* Debug */,
				6344526F2A34A85700BFB9E3 /* Release */,
			);
			defaultConfigurationIsVisible = 0;
			defaultConfigurationName = Release;
		};
		6344528A2A3B1A5500BFB9E3 /* Build configuration list for PBXNativeTarget "School_ToDoListTests" */ = {
			isa = XCConfigurationList;
			buildConfigurations = (
				634452882A3B1A5500BFB9E3 /* Debug */,
				634452892A3B1A5500BFB9E3 /* Release */,
			);
			defaultConfigurationIsVisible = 0;
			defaultConfigurationName = Release;
		};
		63A3F5AF2A66B34E00FD2E14 /* Build configuration list for PBXNativeTarget "School_ToDoList-SUI" */ = {
			isa = XCConfigurationList;
			buildConfigurations = (
				63A3F5B02A66B34E00FD2E14 /* Debug */,
				63A3F5B12A66B34E00FD2E14 /* Release */,
			);
			defaultConfigurationIsVisible = 0;
			defaultConfigurationName = Release;
		};
/* End XCConfigurationList section */

/* Begin XCRemoteSwiftPackageReference section */
		63A3F57D2A66B34E00FD2E14 /* XCRemoteSwiftPackageReference "CocoaLumberjack" */ = {
			isa = XCRemoteSwiftPackageReference;
			repositoryURL = "https://github.com/CocoaLumberjack/CocoaLumberjack";
			requirement = {
				kind = upToNextMajorVersion;
				minimumVersion = 3.0.0;
			};
		};
		63A3F5832A66B34E00FD2E14 /* XCRemoteSwiftPackageReference "SQLite" */ = {
			isa = XCRemoteSwiftPackageReference;
			repositoryURL = "https://github.com/stephencelis/SQLite.swift";
			requirement = {
				kind = upToNextMajorVersion;
				minimumVersion = 0.14.1;
			};
		};
		63C034112A4EF2E8009A1CB3 /* XCRemoteSwiftPackageReference "CocoaLumberjack" */ = {
			isa = XCRemoteSwiftPackageReference;
			repositoryURL = "https://github.com/CocoaLumberjack/CocoaLumberjack";
			requirement = {
				kind = upToNextMajorVersion;
				minimumVersion = 3.0.0;
			};
		};
		63CE099E2A5EB68300831E2A /* XCRemoteSwiftPackageReference "SQLite" */ = {
			isa = XCRemoteSwiftPackageReference;
			repositoryURL = "https://github.com/stephencelis/SQLite.swift";
			requirement = {
				kind = upToNextMajorVersion;
				minimumVersion = 0.14.1;
			};
		};
/* End XCRemoteSwiftPackageReference section */

/* Begin XCSwiftPackageProductDependency section */
		63A3F57C2A66B34E00FD2E14 /* CocoaLumberjack */ = {
			isa = XCSwiftPackageProductDependency;
			package = 63A3F57D2A66B34E00FD2E14 /* XCRemoteSwiftPackageReference "CocoaLumberjack" */;
			productName = CocoaLumberjack;
		};
		63A3F57E2A66B34E00FD2E14 /* CocoaLumberjackSwift */ = {
			isa = XCSwiftPackageProductDependency;
			package = 63A3F57D2A66B34E00FD2E14 /* XCRemoteSwiftPackageReference "CocoaLumberjack" */;
			productName = CocoaLumberjackSwift;
		};
		63A3F57F2A66B34E00FD2E14 /* CocoaLumberjackSwiftLogBackend */ = {
			isa = XCSwiftPackageProductDependency;
			package = 63A3F57D2A66B34E00FD2E14 /* XCRemoteSwiftPackageReference "CocoaLumberjack" */;
			productName = CocoaLumberjackSwiftLogBackend;
		};
		63A3F5822A66B34E00FD2E14 /* SQLite */ = {
			isa = XCSwiftPackageProductDependency;
			package = 63A3F5832A66B34E00FD2E14 /* XCRemoteSwiftPackageReference "SQLite" */;
			productName = SQLite;
		};
		63C034122A4EF2E8009A1CB3 /* CocoaLumberjack */ = {
			isa = XCSwiftPackageProductDependency;
			package = 63C034112A4EF2E8009A1CB3 /* XCRemoteSwiftPackageReference "CocoaLumberjack" */;
			productName = CocoaLumberjack;
		};
		63C034142A4EF2E8009A1CB3 /* CocoaLumberjackSwift */ = {
			isa = XCSwiftPackageProductDependency;
			package = 63C034112A4EF2E8009A1CB3 /* XCRemoteSwiftPackageReference "CocoaLumberjack" */;
			productName = CocoaLumberjackSwift;
		};
		63C034162A4EF2E8009A1CB3 /* CocoaLumberjackSwiftLogBackend */ = {
			isa = XCSwiftPackageProductDependency;
			package = 63C034112A4EF2E8009A1CB3 /* XCRemoteSwiftPackageReference "CocoaLumberjack" */;
			productName = CocoaLumberjackSwiftLogBackend;
		};
		63CE099F2A5EB68300831E2A /* SQLite */ = {
			isa = XCSwiftPackageProductDependency;
			package = 63CE099E2A5EB68300831E2A /* XCRemoteSwiftPackageReference "SQLite" */;
			productName = SQLite;
		};
/* End XCSwiftPackageProductDependency section */

/* Begin XCVersionGroup section */
		63CE09D52A619EFC00831E2A /* CoreDataBaseModel.xcdatamodeld */ = {
			isa = XCVersionGroup;
			children = (
				63CE09D62A619EFC00831E2A /* CoreDataModel.xcdatamodel */,
			);
			currentVersion = 63CE09D62A619EFC00831E2A /* CoreDataModel.xcdatamodel */;
			path = CoreDataBaseModel.xcdatamodeld;
			sourceTree = "<group>";
			versionGroupType = wrapper.xcdatamodel;
		};
/* End XCVersionGroup section */
	};
	rootObject = 634452512A34A85600BFB9E3 /* Project object */;
}
