// !$*UTF8*$!
{
	archiveVersion = 1;
	classes = {
	};
	objectVersion = 56;
	objects = {

/* Begin PBXBuildFile section */
		6344525D2A34A85600BFB9E3 /* AppDelegate.swift in Sources */ = {isa = PBXBuildFile; fileRef = 6344525C2A34A85600BFB9E3 /* AppDelegate.swift */; };
		6344525F2A34A85600BFB9E3 /* SceneDelegate.swift in Sources */ = {isa = PBXBuildFile; fileRef = 6344525E2A34A85600BFB9E3 /* SceneDelegate.swift */; };
		634452612A34A85600BFB9E3 /* DetailsViewController.swift in Sources */ = {isa = PBXBuildFile; fileRef = 634452602A34A85600BFB9E3 /* DetailsViewController.swift */; };
		634452662A34A85700BFB9E3 /* Assets.xcassets in Resources */ = {isa = PBXBuildFile; fileRef = 634452652A34A85700BFB9E3 /* Assets.xcassets */; };
		634452772A34ACD900BFB9E3 /* ToDoItem.swift in Sources */ = {isa = PBXBuildFile; fileRef = 634452762A34ACD900BFB9E3 /* ToDoItem.swift */; };
		634452792A38A34500BFB9E3 /* JSONExtend.swift in Sources */ = {isa = PBXBuildFile; fileRef = 634452782A38A34500BFB9E3 /* JSONExtend.swift */; };
		6344527B2A39D84700BFB9E3 /* FileCache.swift in Sources */ = {isa = PBXBuildFile; fileRef = 6344527A2A39D84700BFB9E3 /* FileCache.swift */; };
		6344527D2A3A07F300BFB9E3 /* CSVExtend.swift in Sources */ = {isa = PBXBuildFile; fileRef = 6344527C2A3A07F300BFB9E3 /* CSVExtend.swift */; };
		634452852A3B1A5500BFB9E3 /* ConfigurationAndParsingTests.swift in Sources */ = {isa = PBXBuildFile; fileRef = 634452842A3B1A5500BFB9E3 /* ConfigurationAndParsingTests.swift */; };
		634B8E602A41B53300BE9ADB /* SFProDisplay-Medium.OTF in Resources */ = {isa = PBXBuildFile; fileRef = 634B8E5D2A41B53300BE9ADB /* SFProDisplay-Medium.OTF */; };
		634B8E612A41B53300BE9ADB /* SFProDisplay-Bold.OTF in Resources */ = {isa = PBXBuildFile; fileRef = 634B8E5E2A41B53300BE9ADB /* SFProDisplay-Bold.OTF */; };
		634B8E622A41B53300BE9ADB /* SFProDisplay-Regular.OTF in Resources */ = {isa = PBXBuildFile; fileRef = 634B8E5F2A41B53300BE9ADB /* SFProDisplay-Regular.OTF */; };
		634B8E642A41B6A500BE9ADB /* FontStyles.swift in Sources */ = {isa = PBXBuildFile; fileRef = 634B8E632A41B6A500BE9ADB /* FontStyles.swift */; };
		634B8E682A41BA7100BE9ADB /* SFProText-Light.otf in Resources */ = {isa = PBXBuildFile; fileRef = 634B8E662A41BA7000BE9ADB /* SFProText-Light.otf */; };
		634B8E692A41BA7100BE9ADB /* SFProText-Medium.otf in Resources */ = {isa = PBXBuildFile; fileRef = 634B8E672A41BA7100BE9ADB /* SFProText-Medium.otf */; };
		634B8E6B2A41CABD00BE9ADB /* DetailsTextView.swift in Sources */ = {isa = PBXBuildFile; fileRef = 634B8E6A2A41CABD00BE9ADB /* DetailsTextView.swift */; };
		634B8E6D2A41D2C900BE9ADB /* TextViewDelegateExtend.swift in Sources */ = {isa = PBXBuildFile; fileRef = 634B8E6C2A41D2C900BE9ADB /* TextViewDelegateExtend.swift */; };
		634B8E732A41F3D000BE9ADB /* TableViewDelegateExtend.swift in Sources */ = {isa = PBXBuildFile; fileRef = 634B8E722A41F3D000BE9ADB /* TableViewDelegateExtend.swift */; };
		634B8E752A41F51900BE9ADB /* SegmentedControl.swift in Sources */ = {isa = PBXBuildFile; fileRef = 634B8E742A41F51900BE9ADB /* SegmentedControl.swift */; };
		634B8E782A422B5800BE9ADB /* ScrollView.swift in Sources */ = {isa = PBXBuildFile; fileRef = 634B8E772A422B5800BE9ADB /* ScrollView.swift */; };
		63C033FD2A4DB6B3009A1CB3 /* DefaultTableViewCell.swift in Sources */ = {isa = PBXBuildFile; fileRef = 63C033FC2A4DB6B3009A1CB3 /* DefaultTableViewCell.swift */; };
		63C034002A4DB6D3009A1CB3 /* ImportantTableViewCell.swift in Sources */ = {isa = PBXBuildFile; fileRef = 63C033FF2A4DB6D3009A1CB3 /* ImportantTableViewCell.swift */; };
		63C034022A4DB6E9009A1CB3 /* DeadlineTableViewCell.swift in Sources */ = {isa = PBXBuildFile; fileRef = 63C034012A4DB6E9009A1CB3 /* DeadlineTableViewCell.swift */; };
		63C034042A4DB6F3009A1CB3 /* BothTableViewCell.swift in Sources */ = {isa = PBXBuildFile; fileRef = 63C034032A4DB6F3009A1CB3 /* BothTableViewCell.swift */; };
		63EE3C1A2A4C5A9B00B275DF /* MainViewController.swift in Sources */ = {isa = PBXBuildFile; fileRef = 63EE3C192A4C5A9B00B275DF /* MainViewController.swift */; };
/* End PBXBuildFile section */

/* Begin PBXContainerItemProxy section */
		634452862A3B1A5500BFB9E3 /* PBXContainerItemProxy */ = {
			isa = PBXContainerItemProxy;
			containerPortal = 634452512A34A85600BFB9E3 /* Project object */;
			proxyType = 1;
			remoteGlobalIDString = 634452582A34A85600BFB9E3;
			remoteInfo = School_ToDoList;
		};
/* End PBXContainerItemProxy section */

/* Begin PBXFileReference section */
		634452592A34A85600BFB9E3 /* School_ToDoList.app */ = {isa = PBXFileReference; explicitFileType = wrapper.application; includeInIndex = 0; path = School_ToDoList.app; sourceTree = BUILT_PRODUCTS_DIR; };
		6344525C2A34A85600BFB9E3 /* AppDelegate.swift */ = {isa = PBXFileReference; lastKnownFileType = sourcecode.swift; path = AppDelegate.swift; sourceTree = "<group>"; };
		6344525E2A34A85600BFB9E3 /* SceneDelegate.swift */ = {isa = PBXFileReference; lastKnownFileType = sourcecode.swift; path = SceneDelegate.swift; sourceTree = "<group>"; };
		634452602A34A85600BFB9E3 /* DetailsViewController.swift */ = {isa = PBXFileReference; lastKnownFileType = sourcecode.swift; path = DetailsViewController.swift; sourceTree = "<group>"; };
		634452652A34A85700BFB9E3 /* Assets.xcassets */ = {isa = PBXFileReference; lastKnownFileType = folder.assetcatalog; path = Assets.xcassets; sourceTree = "<group>"; };
		6344526A2A34A85700BFB9E3 /* Info.plist */ = {isa = PBXFileReference; lastKnownFileType = text.plist.xml; path = Info.plist; sourceTree = "<group>"; };
		634452762A34ACD900BFB9E3 /* ToDoItem.swift */ = {isa = PBXFileReference; lastKnownFileType = sourcecode.swift; path = ToDoItem.swift; sourceTree = "<group>"; };
		634452782A38A34500BFB9E3 /* JSONExtend.swift */ = {isa = PBXFileReference; lastKnownFileType = sourcecode.swift; path = JSONExtend.swift; sourceTree = "<group>"; };
		6344527A2A39D84700BFB9E3 /* FileCache.swift */ = {isa = PBXFileReference; lastKnownFileType = sourcecode.swift; path = FileCache.swift; sourceTree = "<group>"; };
		6344527C2A3A07F300BFB9E3 /* CSVExtend.swift */ = {isa = PBXFileReference; lastKnownFileType = sourcecode.swift; path = CSVExtend.swift; sourceTree = "<group>"; };
		634452822A3B1A5500BFB9E3 /* School_ToDoListTests.xctest */ = {isa = PBXFileReference; explicitFileType = wrapper.cfbundle; includeInIndex = 0; path = School_ToDoListTests.xctest; sourceTree = BUILT_PRODUCTS_DIR; };
		634452842A3B1A5500BFB9E3 /* ConfigurationAndParsingTests.swift */ = {isa = PBXFileReference; lastKnownFileType = sourcecode.swift; path = ConfigurationAndParsingTests.swift; sourceTree = "<group>"; };
		634B8E5D2A41B53300BE9ADB /* SFProDisplay-Medium.OTF */ = {isa = PBXFileReference; lastKnownFileType = file; path = "SFProDisplay-Medium.OTF"; sourceTree = "<group>"; };
		634B8E5E2A41B53300BE9ADB /* SFProDisplay-Bold.OTF */ = {isa = PBXFileReference; lastKnownFileType = file; path = "SFProDisplay-Bold.OTF"; sourceTree = "<group>"; };
		634B8E5F2A41B53300BE9ADB /* SFProDisplay-Regular.OTF */ = {isa = PBXFileReference; lastKnownFileType = file; path = "SFProDisplay-Regular.OTF"; sourceTree = "<group>"; };
		634B8E632A41B6A500BE9ADB /* FontStyles.swift */ = {isa = PBXFileReference; lastKnownFileType = sourcecode.swift; path = FontStyles.swift; sourceTree = "<group>"; };
		634B8E662A41BA7000BE9ADB /* SFProText-Light.otf */ = {isa = PBXFileReference; lastKnownFileType = file; path = "SFProText-Light.otf"; sourceTree = "<group>"; };
		634B8E672A41BA7100BE9ADB /* SFProText-Medium.otf */ = {isa = PBXFileReference; lastKnownFileType = file; path = "SFProText-Medium.otf"; sourceTree = "<group>"; };
		634B8E6A2A41CABD00BE9ADB /* DetailsTextView.swift */ = {isa = PBXFileReference; lastKnownFileType = sourcecode.swift; path = DetailsTextView.swift; sourceTree = "<group>"; };
		634B8E6C2A41D2C900BE9ADB /* TextViewDelegateExtend.swift */ = {isa = PBXFileReference; lastKnownFileType = sourcecode.swift; path = TextViewDelegateExtend.swift; sourceTree = "<group>"; };
		634B8E722A41F3D000BE9ADB /* TableViewDelegateExtend.swift */ = {isa = PBXFileReference; lastKnownFileType = sourcecode.swift; path = TableViewDelegateExtend.swift; sourceTree = "<group>"; };
		634B8E742A41F51900BE9ADB /* SegmentedControl.swift */ = {isa = PBXFileReference; lastKnownFileType = sourcecode.swift; path = SegmentedControl.swift; sourceTree = "<group>"; };
		634B8E772A422B5800BE9ADB /* ScrollView.swift */ = {isa = PBXFileReference; lastKnownFileType = sourcecode.swift; path = ScrollView.swift; sourceTree = "<group>"; };
		63C033FC2A4DB6B3009A1CB3 /* DefaultTableViewCell.swift */ = {isa = PBXFileReference; lastKnownFileType = sourcecode.swift; path = DefaultTableViewCell.swift; sourceTree = "<group>"; };
		63C033FF2A4DB6D3009A1CB3 /* ImportantTableViewCell.swift */ = {isa = PBXFileReference; lastKnownFileType = sourcecode.swift; path = ImportantTableViewCell.swift; sourceTree = "<group>"; };
		63C034012A4DB6E9009A1CB3 /* DeadlineTableViewCell.swift */ = {isa = PBXFileReference; lastKnownFileType = sourcecode.swift; path = DeadlineTableViewCell.swift; sourceTree = "<group>"; };
		63C034032A4DB6F3009A1CB3 /* BothTableViewCell.swift */ = {isa = PBXFileReference; lastKnownFileType = sourcecode.swift; path = BothTableViewCell.swift; sourceTree = "<group>"; };
		63EE3C192A4C5A9B00B275DF /* MainViewController.swift */ = {isa = PBXFileReference; lastKnownFileType = sourcecode.swift; path = MainViewController.swift; sourceTree = "<group>"; };
/* End PBXFileReference section */

/* Begin PBXFrameworksBuildPhase section */
		634452562A34A85600BFB9E3 /* Frameworks */ = {
			isa = PBXFrameworksBuildPhase;
			buildActionMask = 2147483647;
			files = (
			);
			runOnlyForDeploymentPostprocessing = 0;
		};
		6344527F2A3B1A5500BFB9E3 /* Frameworks */ = {
			isa = PBXFrameworksBuildPhase;
			buildActionMask = 2147483647;
			files = (
			);
			runOnlyForDeploymentPostprocessing = 0;
		};
/* End PBXFrameworksBuildPhase section */

/* Begin PBXGroup section */
		634452502A34A85600BFB9E3 = {
			isa = PBXGroup;
			children = (
				6344525B2A34A85600BFB9E3 /* School_ToDoList */,
				6344525A2A34A85600BFB9E3 /* Products */,
			);
			sourceTree = "<group>";
		};
		6344525A2A34A85600BFB9E3 /* Products */ = {
			isa = PBXGroup;
			children = (
				634452592A34A85600BFB9E3 /* School_ToDoList.app */,
				634452822A3B1A5500BFB9E3 /* School_ToDoListTests.xctest */,
			);
			name = Products;
			sourceTree = "<group>";
		};
		6344525B2A34A85600BFB9E3 /* School_ToDoList */ = {
			isa = PBXGroup;
			children = (
				634452702A34A8C400BFB9E3 /* Application */,
				634452712A34A8D300BFB9E3 /* Module */,
				634452832A3B1A5500BFB9E3 /* School_ToDoListTests */,
				634B8E652A41B89A00BE9ADB /* Extensions */,
				634B8E5C2A41B49800BE9ADB /* Fonts */,
				634452752A34A8FF00BFB9E3 /* SupportingFiles */,
				6344526A2A34A85700BFB9E3 /* Info.plist */,
			);
			path = School_ToDoList;
			sourceTree = "<group>";
		};
		634452702A34A8C400BFB9E3 /* Application */ = {
			isa = PBXGroup;
			children = (
				6344525C2A34A85600BFB9E3 /* AppDelegate.swift */,
				6344525E2A34A85600BFB9E3 /* SceneDelegate.swift */,
			);
			path = Application;
			sourceTree = "<group>";
		};
		634452712A34A8D300BFB9E3 /* Module */ = {
			isa = PBXGroup;
			children = (
				634452742A34A8EE00BFB9E3 /* Models */,
				634B8E592A409AAE00BE9ADB /* Views */,
				634452722A34A8DC00BFB9E3 /* Controllers */,
			);
			path = Module;
			sourceTree = "<group>";
		};
		634452722A34A8DC00BFB9E3 /* Controllers */ = {
			isa = PBXGroup;
			children = (
				634452602A34A85600BFB9E3 /* DetailsViewController.swift */,
				63EE3C192A4C5A9B00B275DF /* MainViewController.swift */,
				634B8E762A41FBA100BE9ADB /* Delegates */,
			);
			path = Controllers;
			sourceTree = "<group>";
		};
		634452742A34A8EE00BFB9E3 /* Models */ = {
			isa = PBXGroup;
			children = (
				634452762A34ACD900BFB9E3 /* ToDoItem.swift */,
				634452782A38A34500BFB9E3 /* JSONExtend.swift */,
				6344527C2A3A07F300BFB9E3 /* CSVExtend.swift */,
				6344527A2A39D84700BFB9E3 /* FileCache.swift */,
			);
			path = Models;
			sourceTree = "<group>";
		};
		634452752A34A8FF00BFB9E3 /* SupportingFiles */ = {
			isa = PBXGroup;
			children = (
				634452652A34A85700BFB9E3 /* Assets.xcassets */,
			);
			path = SupportingFiles;
			sourceTree = "<group>";
		};
		634452832A3B1A5500BFB9E3 /* School_ToDoListTests */ = {
			isa = PBXGroup;
			children = (
				634452842A3B1A5500BFB9E3 /* ConfigurationAndParsingTests.swift */,
			);
			path = School_ToDoListTests;
			sourceTree = "<group>";
		};
		634B8E592A409AAE00BE9ADB /* Views */ = {
			isa = PBXGroup;
			children = (
				634B8E6A2A41CABD00BE9ADB /* DetailsTextView.swift */,
				634B8E742A41F51900BE9ADB /* SegmentedControl.swift */,
				634B8E772A422B5800BE9ADB /* ScrollView.swift */,
				63C033FE2A4DB6B8009A1CB3 /* TableViewCells */,
			);
			path = Views;
			sourceTree = "<group>";
		};
		634B8E5C2A41B49800BE9ADB /* Fonts */ = {
			isa = PBXGroup;
			children = (
				634B8E662A41BA7000BE9ADB /* SFProText-Light.otf */,
				634B8E672A41BA7100BE9ADB /* SFProText-Medium.otf */,
				634B8E5E2A41B53300BE9ADB /* SFProDisplay-Bold.OTF */,
				634B8E5D2A41B53300BE9ADB /* SFProDisplay-Medium.OTF */,
				634B8E5F2A41B53300BE9ADB /* SFProDisplay-Regular.OTF */,
			);
			path = Fonts;
			sourceTree = "<group>";
		};
		634B8E652A41B89A00BE9ADB /* Extensions */ = {
			isa = PBXGroup;
			children = (
				634B8E632A41B6A500BE9ADB /* FontStyles.swift */,
			);
			path = Extensions;
			sourceTree = "<group>";
		};
		634B8E762A41FBA100BE9ADB /* Delegates */ = {
			isa = PBXGroup;
			children = (
				634B8E6C2A41D2C900BE9ADB /* TextViewDelegateExtend.swift */,
				634B8E722A41F3D000BE9ADB /* TableViewDelegateExtend.swift */,
			);
			path = Delegates;
			sourceTree = "<group>";
		};
		63C033FE2A4DB6B8009A1CB3 /* TableViewCells */ = {
			isa = PBXGroup;
			children = (
				63C033FC2A4DB6B3009A1CB3 /* DefaultTableViewCell.swift */,
				63C033FF2A4DB6D3009A1CB3 /* ImportantTableViewCell.swift */,
				63C034012A4DB6E9009A1CB3 /* DeadlineTableViewCell.swift */,
				63C034032A4DB6F3009A1CB3 /* BothTableViewCell.swift */,
			);
			path = TableViewCells;
			sourceTree = "<group>";
		};
/* End PBXGroup section */

/* Begin PBXNativeTarget section */
		634452582A34A85600BFB9E3 /* School_ToDoList */ = {
			isa = PBXNativeTarget;
			buildConfigurationList = 6344526D2A34A85700BFB9E3 /* Build configuration list for PBXNativeTarget "School_ToDoList" */;
			buildPhases = (
				634452552A34A85600BFB9E3 /* Sources */,
				634452562A34A85600BFB9E3 /* Frameworks */,
				634452572A34A85600BFB9E3 /* Resources */,
			);
			buildRules = (
			);
			dependencies = (
			);
			name = School_ToDoList;
			productName = School_ToDoList;
			productReference = 634452592A34A85600BFB9E3 /* School_ToDoList.app */;
			productType = "com.apple.product-type.application";
		};
		634452812A3B1A5500BFB9E3 /* School_ToDoListTests */ = {
			isa = PBXNativeTarget;
			buildConfigurationList = 6344528A2A3B1A5500BFB9E3 /* Build configuration list for PBXNativeTarget "School_ToDoListTests" */;
			buildPhases = (
				6344527E2A3B1A5500BFB9E3 /* Sources */,
				6344527F2A3B1A5500BFB9E3 /* Frameworks */,
				634452802A3B1A5500BFB9E3 /* Resources */,
			);
			buildRules = (
			);
			dependencies = (
				634452872A3B1A5500BFB9E3 /* PBXTargetDependency */,
			);
			name = School_ToDoListTests;
			productName = School_ToDoListTests;
			productReference = 634452822A3B1A5500BFB9E3 /* School_ToDoListTests.xctest */;
			productType = "com.apple.product-type.bundle.unit-test";
		};
/* End PBXNativeTarget section */

/* Begin PBXProject section */
		634452512A34A85600BFB9E3 /* Project object */ = {
			isa = PBXProject;
			attributes = {
				BuildIndependentTargetsInParallel = 1;
				LastSwiftUpdateCheck = 1430;
				LastUpgradeCheck = 1430;
				TargetAttributes = {
					634452582A34A85600BFB9E3 = {
						CreatedOnToolsVersion = 14.3.1;
					};
					634452812A3B1A5500BFB9E3 = {
						CreatedOnToolsVersion = 14.3.1;
						TestTargetID = 634452582A34A85600BFB9E3;
					};
				};
			};
			buildConfigurationList = 634452542A34A85600BFB9E3 /* Build configuration list for PBXProject "School_ToDoList" */;
			compatibilityVersion = "Xcode 14.0";
			developmentRegion = en;
			hasScannedForEncodings = 0;
			knownRegions = (
				en,
				Base,
			);
			mainGroup = 634452502A34A85600BFB9E3;
			productRefGroup = 6344525A2A34A85600BFB9E3 /* Products */;
			projectDirPath = "";
			projectRoot = "";
			targets = (
				634452582A34A85600BFB9E3 /* School_ToDoList */,
				634452812A3B1A5500BFB9E3 /* School_ToDoListTests */,
			);
		};
/* End PBXProject section */

/* Begin PBXResourcesBuildPhase section */
		634452572A34A85600BFB9E3 /* Resources */ = {
			isa = PBXResourcesBuildPhase;
			buildActionMask = 2147483647;
			files = (
				634B8E622A41B53300BE9ADB /* SFProDisplay-Regular.OTF in Resources */,
				634B8E602A41B53300BE9ADB /* SFProDisplay-Medium.OTF in Resources */,
				634B8E692A41BA7100BE9ADB /* SFProText-Medium.otf in Resources */,
				634B8E612A41B53300BE9ADB /* SFProDisplay-Bold.OTF in Resources */,
				634452662A34A85700BFB9E3 /* Assets.xcassets in Resources */,
				634B8E682A41BA7100BE9ADB /* SFProText-Light.otf in Resources */,
			);
			runOnlyForDeploymentPostprocessing = 0;
		};
		634452802A3B1A5500BFB9E3 /* Resources */ = {
			isa = PBXResourcesBuildPhase;
			buildActionMask = 2147483647;
			files = (
			);
			runOnlyForDeploymentPostprocessing = 0;
		};
/* End PBXResourcesBuildPhase section */

/* Begin PBXSourcesBuildPhase section */
		634452552A34A85600BFB9E3 /* Sources */ = {
			isa = PBXSourcesBuildPhase;
			buildActionMask = 2147483647;
			files = (
				634452612A34A85600BFB9E3 /* DetailsViewController.swift in Sources */,
				634B8E782A422B5800BE9ADB /* ScrollView.swift in Sources */,
				6344527D2A3A07F300BFB9E3 /* CSVExtend.swift in Sources */,
				634B8E732A41F3D000BE9ADB /* TableViewDelegateExtend.swift in Sources */,
				63C033FD2A4DB6B3009A1CB3 /* DefaultTableViewCell.swift in Sources */,
				634B8E642A41B6A500BE9ADB /* FontStyles.swift in Sources */,
				634452792A38A34500BFB9E3 /* JSONExtend.swift in Sources */,
				634B8E6D2A41D2C900BE9ADB /* TextViewDelegateExtend.swift in Sources */,
				63C034002A4DB6D3009A1CB3 /* ImportantTableViewCell.swift in Sources */,
				6344525D2A34A85600BFB9E3 /* AppDelegate.swift in Sources */,
				63C034042A4DB6F3009A1CB3 /* BothTableViewCell.swift in Sources */,
				634452772A34ACD900BFB9E3 /* ToDoItem.swift in Sources */,
				63EE3C1A2A4C5A9B00B275DF /* MainViewController.swift in Sources */,
				634B8E752A41F51900BE9ADB /* SegmentedControl.swift in Sources */,
				634B8E6B2A41CABD00BE9ADB /* DetailsTextView.swift in Sources */,
				63C034022A4DB6E9009A1CB3 /* DeadlineTableViewCell.swift in Sources */,
				6344527B2A39D84700BFB9E3 /* FileCache.swift in Sources */,
				6344525F2A34A85600BFB9E3 /* SceneDelegate.swift in Sources */,
			);
			runOnlyForDeploymentPostprocessing = 0;
		};
		6344527E2A3B1A5500BFB9E3 /* Sources */ = {
			isa = PBXSourcesBuildPhase;
			buildActionMask = 2147483647;
			files = (
				634452852A3B1A5500BFB9E3 /* ConfigurationAndParsingTests.swift in Sources */,
			);
			runOnlyForDeploymentPostprocessing = 0;
		};
/* End PBXSourcesBuildPhase section */

/* Begin PBXTargetDependency section */
		634452872A3B1A5500BFB9E3 /* PBXTargetDependency */ = {
			isa = PBXTargetDependency;
			target = 634452582A34A85600BFB9E3 /* School_ToDoList */;
			targetProxy = 634452862A3B1A5500BFB9E3 /* PBXContainerItemProxy */;
		};
/* End PBXTargetDependency section */

/* Begin XCBuildConfiguration section */
		6344526B2A34A85700BFB9E3 /* Debug */ = {
			isa = XCBuildConfiguration;
			buildSettings = {
				ALWAYS_SEARCH_USER_PATHS = NO;
				CLANG_ANALYZER_NONNULL = YES;
				CLANG_ANALYZER_NUMBER_OBJECT_CONVERSION = YES_AGGRESSIVE;
				CLANG_CXX_LANGUAGE_STANDARD = "gnu++20";
				CLANG_ENABLE_MODULES = YES;
				CLANG_ENABLE_OBJC_ARC = YES;
				CLANG_ENABLE_OBJC_WEAK = YES;
				CLANG_WARN_BLOCK_CAPTURE_AUTORELEASING = YES;
				CLANG_WARN_BOOL_CONVERSION = YES;
				CLANG_WARN_COMMA = YES;
				CLANG_WARN_CONSTANT_CONVERSION = YES;
				CLANG_WARN_DEPRECATED_OBJC_IMPLEMENTATIONS = YES;
				CLANG_WARN_DIRECT_OBJC_ISA_USAGE = YES_ERROR;
				CLANG_WARN_DOCUMENTATION_COMMENTS = YES;
				CLANG_WARN_EMPTY_BODY = YES;
				CLANG_WARN_ENUM_CONVERSION = YES;
				CLANG_WARN_INFINITE_RECURSION = YES;
				CLANG_WARN_INT_CONVERSION = YES;
				CLANG_WARN_NON_LITERAL_NULL_CONVERSION = YES;
				CLANG_WARN_OBJC_IMPLICIT_RETAIN_SELF = YES;
				CLANG_WARN_OBJC_LITERAL_CONVERSION = YES;
				CLANG_WARN_OBJC_ROOT_CLASS = YES_ERROR;
				CLANG_WARN_QUOTED_INCLUDE_IN_FRAMEWORK_HEADER = YES;
				CLANG_WARN_RANGE_LOOP_ANALYSIS = YES;
				CLANG_WARN_STRICT_PROTOTYPES = YES;
				CLANG_WARN_SUSPICIOUS_MOVE = YES;
				CLANG_WARN_UNGUARDED_AVAILABILITY = YES_AGGRESSIVE;
				CLANG_WARN_UNREACHABLE_CODE = YES;
				CLANG_WARN__DUPLICATE_METHOD_MATCH = YES;
				COPY_PHASE_STRIP = NO;
				DEBUG_INFORMATION_FORMAT = dwarf;
				ENABLE_STRICT_OBJC_MSGSEND = YES;
				ENABLE_TESTABILITY = YES;
				GCC_C_LANGUAGE_STANDARD = gnu11;
				GCC_DYNAMIC_NO_PIC = NO;
				GCC_NO_COMMON_BLOCKS = YES;
				GCC_OPTIMIZATION_LEVEL = 0;
				GCC_PREPROCESSOR_DEFINITIONS = (
					"DEBUG=1",
					"$(inherited)",
				);
				GCC_WARN_64_TO_32_BIT_CONVERSION = YES;
				GCC_WARN_ABOUT_RETURN_TYPE = YES_ERROR;
				GCC_WARN_UNDECLARED_SELECTOR = YES;
				GCC_WARN_UNINITIALIZED_AUTOS = YES_AGGRESSIVE;
				GCC_WARN_UNUSED_FUNCTION = YES;
				GCC_WARN_UNUSED_VARIABLE = YES;
				IPHONEOS_DEPLOYMENT_TARGET = 16.4;
				MTL_ENABLE_DEBUG_INFO = INCLUDE_SOURCE;
				MTL_FAST_MATH = YES;
				ONLY_ACTIVE_ARCH = YES;
				SDKROOT = iphoneos;
				SWIFT_ACTIVE_COMPILATION_CONDITIONS = DEBUG;
				SWIFT_OPTIMIZATION_LEVEL = "-Onone";
			};
			name = Debug;
		};
		6344526C2A34A85700BFB9E3 /* Release */ = {
			isa = XCBuildConfiguration;
			buildSettings = {
				ALWAYS_SEARCH_USER_PATHS = NO;
				CLANG_ANALYZER_NONNULL = YES;
				CLANG_ANALYZER_NUMBER_OBJECT_CONVERSION = YES_AGGRESSIVE;
				CLANG_CXX_LANGUAGE_STANDARD = "gnu++20";
				CLANG_ENABLE_MODULES = YES;
				CLANG_ENABLE_OBJC_ARC = YES;
				CLANG_ENABLE_OBJC_WEAK = YES;
				CLANG_WARN_BLOCK_CAPTURE_AUTORELEASING = YES;
				CLANG_WARN_BOOL_CONVERSION = YES;
				CLANG_WARN_COMMA = YES;
				CLANG_WARN_CONSTANT_CONVERSION = YES;
				CLANG_WARN_DEPRECATED_OBJC_IMPLEMENTATIONS = YES;
				CLANG_WARN_DIRECT_OBJC_ISA_USAGE = YES_ERROR;
				CLANG_WARN_DOCUMENTATION_COMMENTS = YES;
				CLANG_WARN_EMPTY_BODY = YES;
				CLANG_WARN_ENUM_CONVERSION = YES;
				CLANG_WARN_INFINITE_RECURSION = YES;
				CLANG_WARN_INT_CONVERSION = YES;
				CLANG_WARN_NON_LITERAL_NULL_CONVERSION = YES;
				CLANG_WARN_OBJC_IMPLICIT_RETAIN_SELF = YES;
				CLANG_WARN_OBJC_LITERAL_CONVERSION = YES;
				CLANG_WARN_OBJC_ROOT_CLASS = YES_ERROR;
				CLANG_WARN_QUOTED_INCLUDE_IN_FRAMEWORK_HEADER = YES;
				CLANG_WARN_RANGE_LOOP_ANALYSIS = YES;
				CLANG_WARN_STRICT_PROTOTYPES = YES;
				CLANG_WARN_SUSPICIOUS_MOVE = YES;
				CLANG_WARN_UNGUARDED_AVAILABILITY = YES_AGGRESSIVE;
				CLANG_WARN_UNREACHABLE_CODE = YES;
				CLANG_WARN__DUPLICATE_METHOD_MATCH = YES;
				COPY_PHASE_STRIP = NO;
				DEBUG_INFORMATION_FORMAT = "dwarf-with-dsym";
				ENABLE_NS_ASSERTIONS = NO;
				ENABLE_STRICT_OBJC_MSGSEND = YES;
				GCC_C_LANGUAGE_STANDARD = gnu11;
				GCC_NO_COMMON_BLOCKS = YES;
				GCC_WARN_64_TO_32_BIT_CONVERSION = YES;
				GCC_WARN_ABOUT_RETURN_TYPE = YES_ERROR;
				GCC_WARN_UNDECLARED_SELECTOR = YES;
				GCC_WARN_UNINITIALIZED_AUTOS = YES_AGGRESSIVE;
				GCC_WARN_UNUSED_FUNCTION = YES;
				GCC_WARN_UNUSED_VARIABLE = YES;
				IPHONEOS_DEPLOYMENT_TARGET = 16.4;
				MTL_ENABLE_DEBUG_INFO = NO;
				MTL_FAST_MATH = YES;
				SDKROOT = iphoneos;
				SWIFT_COMPILATION_MODE = wholemodule;
				SWIFT_OPTIMIZATION_LEVEL = "-O";
				VALIDATE_PRODUCT = YES;
			};
			name = Release;
		};
		6344526E2A34A85700BFB9E3 /* Debug */ = {
			isa = XCBuildConfiguration;
			buildSettings = {
				ASSETCATALOG_COMPILER_APPICON_NAME = AppIcon;
				ASSETCATALOG_COMPILER_GLOBAL_ACCENT_COLOR_NAME = AccentColor;
				CODE_SIGN_STYLE = Automatic;
				CURRENT_PROJECT_VERSION = 1;
				DEVELOPMENT_TEAM = ZFH6DW7S4P;
				GENERATE_INFOPLIST_FILE = YES;
				INFOPLIST_FILE = School_ToDoList/Info.plist;
				INFOPLIST_KEY_UIApplicationSupportsIndirectInputEvents = YES;
				INFOPLIST_KEY_UILaunchStoryboardName = LaunchScreen;
				INFOPLIST_KEY_UISupportedInterfaceOrientations_iPad = "UIInterfaceOrientationPortrait UIInterfaceOrientationPortraitUpsideDown UIInterfaceOrientationLandscapeLeft UIInterfaceOrientationLandscapeRight";
				INFOPLIST_KEY_UISupportedInterfaceOrientations_iPhone = "UIInterfaceOrientationPortrait UIInterfaceOrientationLandscapeLeft UIInterfaceOrientationLandscapeRight";
				LD_RUNPATH_SEARCH_PATHS = (
					"$(inherited)",
					"@executable_path/Frameworks",
				);
				MARKETING_VERSION = 1.0;
				PRODUCT_BUNDLE_IDENTIFIER = "com.remby.School-ToDoList";
				PRODUCT_NAME = "$(TARGET_NAME)";
				SWIFT_EMIT_LOC_STRINGS = YES;
				SWIFT_VERSION = 5.0;
				TARGETED_DEVICE_FAMILY = "1,2";
			};
			name = Debug;
		};
		6344526F2A34A85700BFB9E3 /* Release */ = {
			isa = XCBuildConfiguration;
			buildSettings = {
				ASSETCATALOG_COMPILER_APPICON_NAME = AppIcon;
				ASSETCATALOG_COMPILER_GLOBAL_ACCENT_COLOR_NAME = AccentColor;
				CODE_SIGN_STYLE = Automatic;
				CURRENT_PROJECT_VERSION = 1;
				DEVELOPMENT_TEAM = ZFH6DW7S4P;
				GENERATE_INFOPLIST_FILE = YES;
				INFOPLIST_FILE = School_ToDoList/Info.plist;
				INFOPLIST_KEY_UIApplicationSupportsIndirectInputEvents = YES;
				INFOPLIST_KEY_UILaunchStoryboardName = LaunchScreen;
				INFOPLIST_KEY_UISupportedInterfaceOrientations_iPad = "UIInterfaceOrientationPortrait UIInterfaceOrientationPortraitUpsideDown UIInterfaceOrientationLandscapeLeft UIInterfaceOrientationLandscapeRight";
				INFOPLIST_KEY_UISupportedInterfaceOrientations_iPhone = "UIInterfaceOrientationPortrait UIInterfaceOrientationLandscapeLeft UIInterfaceOrientationLandscapeRight";
				LD_RUNPATH_SEARCH_PATHS = (
					"$(inherited)",
					"@executable_path/Frameworks",
				);
				MARKETING_VERSION = 1.0;
				PRODUCT_BUNDLE_IDENTIFIER = "com.remby.School-ToDoList";
				PRODUCT_NAME = "$(TARGET_NAME)";
				SWIFT_EMIT_LOC_STRINGS = YES;
				SWIFT_VERSION = 5.0;
				TARGETED_DEVICE_FAMILY = "1,2";
			};
			name = Release;
		};
		634452882A3B1A5500BFB9E3 /* Debug */ = {
			isa = XCBuildConfiguration;
			buildSettings = {
				BUNDLE_LOADER = "$(TEST_HOST)";
				CODE_SIGN_STYLE = Automatic;
				CURRENT_PROJECT_VERSION = 1;
				DEVELOPMENT_TEAM = ZFH6DW7S4P;
				GENERATE_INFOPLIST_FILE = YES;
				MARKETING_VERSION = 1.0;
				PRODUCT_BUNDLE_IDENTIFIER = "com.remby.School-ToDoListTests";
				PRODUCT_NAME = "$(TARGET_NAME)";
				SWIFT_EMIT_LOC_STRINGS = NO;
				SWIFT_VERSION = 5.0;
				TARGETED_DEVICE_FAMILY = "1,2";
				TEST_HOST = "$(BUILT_PRODUCTS_DIR)/School_ToDoList.app/$(BUNDLE_EXECUTABLE_FOLDER_PATH)/School_ToDoList";
			};
			name = Debug;
		};
		634452892A3B1A5500BFB9E3 /* Release */ = {
			isa = XCBuildConfiguration;
			buildSettings = {
				BUNDLE_LOADER = "$(TEST_HOST)";
				CODE_SIGN_STYLE = Automatic;
				CURRENT_PROJECT_VERSION = 1;
				DEVELOPMENT_TEAM = ZFH6DW7S4P;
				GENERATE_INFOPLIST_FILE = YES;
				MARKETING_VERSION = 1.0;
				PRODUCT_BUNDLE_IDENTIFIER = "com.remby.School-ToDoListTests";
				PRODUCT_NAME = "$(TARGET_NAME)";
				SWIFT_EMIT_LOC_STRINGS = NO;
				SWIFT_VERSION = 5.0;
				TARGETED_DEVICE_FAMILY = "1,2";
				TEST_HOST = "$(BUILT_PRODUCTS_DIR)/School_ToDoList.app/$(BUNDLE_EXECUTABLE_FOLDER_PATH)/School_ToDoList";
			};
			name = Release;
		};
/* End XCBuildConfiguration section */

/* Begin XCConfigurationList section */
		634452542A34A85600BFB9E3 /* Build configuration list for PBXProject "School_ToDoList" */ = {
			isa = XCConfigurationList;
			buildConfigurations = (
				6344526B2A34A85700BFB9E3 /* Debug */,
				6344526C2A34A85700BFB9E3 /* Release */,
			);
			defaultConfigurationIsVisible = 0;
			defaultConfigurationName = Release;
		};
		6344526D2A34A85700BFB9E3 /* Build configuration list for PBXNativeTarget "School_ToDoList" */ = {
			isa = XCConfigurationList;
			buildConfigurations = (
				6344526E2A34A85700BFB9E3 /* Debug */,
				6344526F2A34A85700BFB9E3 /* Release */,
			);
			defaultConfigurationIsVisible = 0;
			defaultConfigurationName = Release;
		};
		6344528A2A3B1A5500BFB9E3 /* Build configuration list for PBXNativeTarget "School_ToDoListTests" */ = {
			isa = XCConfigurationList;
			buildConfigurations = (
				634452882A3B1A5500BFB9E3 /* Debug */,
				634452892A3B1A5500BFB9E3 /* Release */,
			);
			defaultConfigurationIsVisible = 0;
			defaultConfigurationName = Release;
		};
/* End XCConfigurationList section */
	};
	rootObject = 634452512A34A85600BFB9E3 /* Project object */;
}
